
Microsoft Visual Studio Solution File, Format Version 12.00
# Visual Studio Version 16
VisualStudioVersion = 16.0.31613.86
MinimumVisualStudioVersion = 10.0.40219.1
Project("{FAE04EC0-301F-11D3-BF4B-00C04F79EFBC}") = "AdvantShop.Web.Site", "AdvantShop.Web\AdvantShop.Web.Site.csproj", "{42A43DBA-9D37-4982-BEA6-82E1051EAF1E}"
EndProject
Project("{FAE04EC0-301F-11D3-BF4B-00C04F79EFBC}") = "AdvantShop.Core", "AdvantShop.Core\AdvantShop.Core.csproj", "{59344E96-1527-4FA3-B7C9-48516A82CC4F}"
EndProject
Project("{2150E333-8FDC-42A3-9474-1A3956D46DE8}") = "Modules", "Modules", "{F311FB63-FCC4-4396-B45E-35B2C8C5FC26}"
EndProject
Project("{FAE04EC0-301F-11D3-BF4B-00C04F79EFBC}") = "AdvantShop.Module.BuyInTime", "Modules\AdvantShop.Module.BuyInTime\AdvantShop.Module.BuyInTime.csproj", "{960C5FE0-6194-4DD3-850D-02B35B0565CE}"
EndProject
Project("{FAE04EC0-301F-11D3-BF4B-00C04F79EFBC}") = "AdvantShop.Module.AdvQrCode", "Modules\AdvantShop.Module.AdvQrCode\AdvantShop.Module.AdvQrCode.csproj", "{3FA47153-00DE-4F67-A962-08C334DA98C6}"
EndProject
Project("{FAE04EC0-301F-11D3-BF4B-00C04F79EFBC}") = "AdvantShop.Module.AbandonedCarts", "Modules\AdvantShop.Module.AbandonedCarts\AdvantShop.Module.AbandonedCarts.csproj", "{CEE44733-211C-4D24-8263-C723D4C742C8}"
EndProject
Project("{FAE04EC0-301F-11D3-BF4B-00C04F79EFBC}") = "AdvantShop.Module.Callback", "Modules\AdvantShop.Module.Callback\AdvantShop.Module.Callback.csproj", "{6BCB9735-2FF3-41FA-9D1C-79640E2F49D7}"
EndProject
Project("{FAE04EC0-301F-11D3-BF4B-00C04F79EFBC}") = "AdvantShop.Module.MailChimp", "Modules\AdvantShop.Module.MailChimp\AdvantShop.Module.MailChimp.csproj", "{EBDBBBC9-5C37-4EFF-8072-4A5ACC07B80D}"
EndProject
Project("{FAE04EC0-301F-11D3-BF4B-00C04F79EFBC}") = "AdvantShop.Module.MoySklad", "Modules\AdvantShop.Module.MoySklad\AdvantShop.Module.MoySklad.csproj", "{67AB6276-243E-48C5-9822-41FD9E6D6AAB}"
EndProject
Project("{FAE04EC0-301F-11D3-BF4B-00C04F79EFBC}") = "AdvantShop.Module.PopupOnMainPage", "Modules\AdvantShop.Module.PopupOnMainPage\AdvantShop.Module.PopupOnMainPage.csproj", "{FA353AFC-5327-4EA4-AD8E-4DED67F2FC7B}"
EndProject
Project("{FAE04EC0-301F-11D3-BF4B-00C04F79EFBC}") = "AdvantShop.Module.PostAffiliatePro", "Modules\AdvantShop.Module.PostAffiliatePro\AdvantShop.Module.PostAffiliatePro.csproj", "{09C657C2-E06A-499E-AABB-8957D7ED9710}"
EndProject
Project("{FAE04EC0-301F-11D3-BF4B-00C04F79EFBC}") = "AdvantShop.Module.ProductTabs", "Modules\AdvantShop.Module.ProductTabs\AdvantShop.Module.ProductTabs.csproj", "{E7F217AB-FF68-49EF-9ACE-EE38818F5E52}"
EndProject
Project("{FAE04EC0-301F-11D3-BF4B-00C04F79EFBC}") = "AdvantShop.Module.RelatedProductsInShoppingCart", "Modules\AdvantShop.Module.RelatedProductsInShoppingCart\AdvantShop.Module.RelatedProductsInShoppingCart.csproj", "{1A45D749-7136-419A-AC32-154F56E2B8B9}"
EndProject
Project("{FAE04EC0-301F-11D3-BF4B-00C04F79EFBC}") = "AdvantShop.Module.ShoppingCartPopup", "Modules\AdvantShop.Module.ShoppingCartPopup\AdvantShop.Module.ShoppingCartPopup.csproj", "{CD30AEEE-7ECF-43F9-B72F-881887891235}"
EndProject
Project("{FAE04EC0-301F-11D3-BF4B-00C04F79EFBC}") = "AdvantShop.Module.SmsNotifications", "Modules\AdvantShop.Module.SmsNotifications\AdvantShop.Module.SmsNotifications.csproj", "{3E04D99E-61EE-40CA-89A6-A0BC8B1F29F9}"
EndProject
Project("{FAE04EC0-301F-11D3-BF4B-00C04F79EFBC}") = "AdvantShop.Module.Snowfall", "Modules\AdvantShop.Module.Snowfall\AdvantShop.Module.Snowfall.csproj", "{6C2538E2-A6FE-45DC-9EE0-F39FE60A9C26}"
EndProject
Project("{FAE04EC0-301F-11D3-BF4B-00C04F79EFBC}") = "AdvantShop.Module.SubscribePopup", "Modules\AdvantShop.Module.SubscribePopup\AdvantShop.Module.SubscribePopup.csproj", "{4452F84C-FAF1-4EA7-A736-B6D7AE91B24E}"
EndProject
Project("{FAE04EC0-301F-11D3-BF4B-00C04F79EFBC}") = "AdvantShop.Module.UniSender", "Modules\AdvantShop.Module.UniSender\AdvantShop.Module.UniSender.csproj", "{22B9B7F7-2817-4EED-A206-7BE48EAA76BA}"
EndProject
Project("{FAE04EC0-301F-11D3-BF4B-00C04F79EFBC}") = "AdvantShop.Module.Watermark", "Modules\AdvantShop.Module.Watermark\AdvantShop.Module.Watermark.csproj", "{670921A2-665E-40F6-AD91-BCB774F76D1C}"
EndProject
Project("{FAE04EC0-301F-11D3-BF4B-00C04F79EFBC}") = "AdvantShop.Module.YaMetrika", "Modules\AdvantShop.Module.YaMetrika\AdvantShop.Module.YaMetrika.csproj", "{7425FAE2-F631-421B-93BE-BEBDE5089CA3}"
EndProject
Project("{FAE04EC0-301F-11D3-BF4B-00C04F79EFBC}") = "AdvantShop.Module.YandexMarketImport", "Modules\AdvantShop.Module.YandexMarketImport\AdvantShop.Module.YandexMarketImport.csproj", "{94CEED7D-8BD3-49CD-A29B-36CBAD3A0174}"
EndProject
Project("{FAE04EC0-301F-11D3-BF4B-00C04F79EFBC}") = "AdvantShop.Module.RetailRocket", "Modules\AdvantShop.Module.RetailRocket\AdvantShop.Module.RetailRocket.csproj", "{45F5B9FE-FB8E-4FC3-81F3-378535E1A72C}"
EndProject
Project("{FAE04EC0-301F-11D3-BF4B-00C04F79EFBC}") = "AdvantShop.Module.Rees46", "Modules\AdvantShop.Module.Rees46\AdvantShop.Module.Rees46.csproj", "{40EE54E7-723C-442A-B13F-0AD4B38E9581}"
EndProject
Project("{FAE04EC0-301F-11D3-BF4B-00C04F79EFBC}") = "AdvantShop.Web.Infrastructure", "AdvantShop.Web.Infrastructure\AdvantShop.Web.Infrastructure.csproj", "{95339807-58EC-4B9C-8808-0A893F3A2CC6}"
EndProject
Project("{FAE04EC0-301F-11D3-BF4B-00C04F79EFBC}") = "AdvantShop.Module.GoogleImagesSearch", "Modules\AdvantShop.Module.GoogleImagesSearch\AdvantShop.Module.GoogleImagesSearch.csproj", "{BA87A880-280C-47AA-9159-4FD5CB137EF1}"
EndProject
Project("{FAE04EC0-301F-11D3-BF4B-00C04F79EFBC}") = "AdvantShop.Module.FindCheaper", "Modules\AdvantShop.Module.FindCheaper\AdvantShop.Module.FindCheaper.csproj", "{53062657-6F5A-4A7C-AB8F-C4E5CF594778}"
EndProject
Project("{FAE04EC0-301F-11D3-BF4B-00C04F79EFBC}") = "AdvantShop.Module.Disqus", "Modules\AdvantShop.Module.Disqus\AdvantShop.Module.Disqus.csproj", "{702B3BB4-890B-43DD-93A0-090ED1E3EA0D}"
EndProject
Project("{FAE04EC0-301F-11D3-BF4B-00C04F79EFBC}") = "AdvantShop.Module.YaBuying", "Modules\AdvantShop.Module.YaBuying\AdvantShop.Module.YaBuying.csproj", "{DE39FDCF-71C0-48D2-9560-3CB1BFA6DEC9}"
EndProject
Project("{FAE04EC0-301F-11D3-BF4B-00C04F79EFBC}") = "AdvantShop.Module.BuyMore", "Modules\AdvantShop.Module.BuyMore\AdvantShop.Module.BuyMore.csproj", "{86E01881-8CCE-480D-9263-56FBEDF71678}"
EndProject
Project("{FAE04EC0-301F-11D3-BF4B-00C04F79EFBC}") = "AdvantShop.Module.ShippingPaymentPage", "Modules\AdvantShop.Module.ShippingPaymentPage\AdvantShop.Module.ShippingPaymentPage.csproj", "{2C31D1BA-A076-48EE-B3BA-3FBE8D471EAA}"
EndProject
Project("{FAE04EC0-301F-11D3-BF4B-00C04F79EFBC}") = "AdvantShop.Module.ProductSets", "Modules\AdvantShop.Module.ProductSets\AdvantShop.Module.ProductSets.csproj", "{07F8B614-076C-4497-BD9F-04037EB92C04}"
EndProject
Project("{FAE04EC0-301F-11D3-BF4B-00C04F79EFBC}") = "AdvantShop.Module.Resellers", "Modules\AdvantShop.Module.Resellers\AdvantShop.Module.Resellers.csproj", "{823BCC6D-62C0-44CB-B36A-09A6ED067253}"
EndProject
Project("{FAE04EC0-301F-11D3-BF4B-00C04F79EFBC}") = "AdvantShop.Module.Journal", "Modules\AdvantShop.Module.Journal\AdvantShop.Module.Journal.csproj", "{2ADEF9CA-FF3F-441E-8CA8-E9FE4DB6364C}"
EndProject
Project("{FAE04EC0-301F-11D3-BF4B-00C04F79EFBC}") = "AdvantShop.Module.BannerInShoppingCart", "Modules\AdvantShop.Module.BannerInShoppingCart\AdvantShop.Module.BannerInShoppingCart.csproj", "{EB52EABB-14F8-4A6A-9D8F-94F0CF910665}"
EndProject
Project("{FAE04EC0-301F-11D3-BF4B-00C04F79EFBC}") = "AdvantShop.Module.SupplierOfHappiness", "Modules\AdvantShop.Module.SupplierOfHappiness\AdvantShop.Module.SupplierOfHappiness.csproj", "{5B75E616-C19A-4A76-8FF3-C8FB7098BF5F}"
EndProject
Project("{FAE04EC0-301F-11D3-BF4B-00C04F79EFBC}") = "AdvantShop.Module.RetailCRM", "Modules\AdvantShop.Module.RetailCRM\AdvantShop.Module.RetailCRM.csproj", "{E3E7A668-450B-4F3F-88C3-F143BCCD0B0E}"
EndProject
Project("{FAE04EC0-301F-11D3-BF4B-00C04F79EFBC}") = "AdvantShop.Module.RatingMailRu", "Modules\AdvantShop.Module.RatingMailRu\AdvantShop.Module.RatingMailRu.csproj", "{5AFFEBF0-D4D8-425E-AD98-92F73165BAF2}"
EndProject
Project("{FAE04EC0-301F-11D3-BF4B-00C04F79EFBC}") = "AdvantShop.Module.OrderConfirmationInShoppingCart", "Modules\AdvantShop.Module.OrderconfirmationInShoppingCart\AdvantShop.Module.OrderConfirmationInShoppingCart.csproj", "{D574837F-0966-469C-8D93-D254F237E1FC}"
EndProject
Project("{FAE04EC0-301F-11D3-BF4B-00C04F79EFBC}") = "AdvantShop.Module.Blog", "Modules\AdvantShop.Module.Blog\AdvantShop.Module.Blog.csproj", "{897102A9-B007-4F4B-BECF-CF1DF964AFE2}"
EndProject
Project("{FAE04EC0-301F-11D3-BF4B-00C04F79EFBC}") = "AdvantShop.Module.AdwordsRemarketing", "Modules\AdvantShop.Module.AdwordsRemarketing\AdvantShop.Module.AdwordsRemarketing.csproj", "{686834F4-2D84-40ED-AEC0-C8DDAE6ECA33}"
EndProject
Project("{FAE04EC0-301F-11D3-BF4B-00C04F79EFBC}") = "AdvantShop.Module.Convead", "Modules\AdvantShop.Module.Convead\AdvantShop.Module.Convead.csproj", "{253CCBC9-434A-4056-B7E1-1E506D1BB53D}"
EndProject
Project("{FAE04EC0-301F-11D3-BF4B-00C04F79EFBC}") = "AdvantShop.Module.JivoSite", "Modules\AdvantShop.Module.JivoSite\AdvantShop.Module.JivoSite.csproj", "{BE3C38F7-4A25-4797-A350-A6BC8C23929D}"
EndProject
Project("{2150E333-8FDC-42A3-9474-1A3956D46DE8}") = "Tests", "Tests", "{74F07739-E035-4814-9B9A-F41ACEEAE39C}"
EndProject
Project("{FAE04EC0-301F-11D3-BF4B-00C04F79EFBC}") = "AdvantShop.Web.Admin", "AdvantShop.Web\Areas\Admin\AdvantShop.Web.Admin.csproj", "{EE5F9034-E1ED-43B7-89F4-E83269247A62}"
EndProject
Project("{FAE04EC0-301F-11D3-BF4B-00C04F79EFBC}") = "AdvantShop.App.Landing", "AdvantShop.Web\Areas\Landing\AdvantShop.App.Landing.csproj", "{EDCC8D98-5540-4C38-8072-AFCDB2D4AED7}"
EndProject
Project("{2150E333-8FDC-42A3-9474-1A3956D46DE8}") = "UnitTests", "UnitTests", "{A72359CC-7834-4949-9B96-EAF7F6DA7516}"
EndProject
Project("{2150E333-8FDC-42A3-9474-1A3956D46DE8}") = "Selenium", "Selenium", "{63557BC7-410E-466D-BC26-0F45A6567124}"
EndProject
Project("{FAE04EC0-301F-11D3-BF4B-00C04F79EFBC}") = "AdvantShop.Module.VkMarket", "Modules\AdvantShop.Module.VkMarket\AdvantShop.Module.VkMarket.csproj", "{14ECF83B-795C-498A-9B29-6237042BA719}"
EndProject
Project("{FAE04EC0-301F-11D3-BF4B-00C04F79EFBC}") = "AdvantShop.Module.LastOrder", "Modules\AdvantShop.Module.LastOrder\AdvantShop.Module.LastOrder.csproj", "{6E01C1B1-4453-436F-8818-F95ACB5B9C07}"
EndProject
Project("{FAE04EC0-301F-11D3-BF4B-00C04F79EFBC}") = "AdvantShop.Module.CategoriesOnMainPage", "Modules\AdvantShop.Module.CategoriesOnMainPage\AdvantShop.Module.CategoriesOnMainPage.csproj", "{59D9DA04-3C58-4965-8E66-9EC686030CDA}"
EndProject
Project("{FAE04EC0-301F-11D3-BF4B-00C04F79EFBC}") = "AdvantShop.Module.DaData", "Modules\AdvantShop.Module.DaData\AdvantShop.Module.DaData.csproj", "{D6258AB8-DD7F-442D-B735-14C61004CB29}"
EndProject
Project("{FAE04EC0-301F-11D3-BF4B-00C04F79EFBC}") = "AdvantShop.Module.OrderNow", "Modules\AdvantShop.Module.OrderNow\AdvantShop.Module.OrderNow.csproj", "{8519F4AF-12C8-4C16-BEDB-08CFCE87CC92}"
EndProject
Project("{FAE04EC0-301F-11D3-BF4B-00C04F79EFBC}") = "AdvantShop.Module.Roistat", "Modules\AdvantShop.Module.Roistat\AdvantShop.Module.Roistat.csproj", "{34599DC6-F320-4B5D-BD23-EF8BCA685744}"
EndProject
Project("{FAE04EC0-301F-11D3-BF4B-00C04F79EFBC}") = "AdvantShop.Module.YandexSearch", "Modules\AdvantShop.Module.YandexSearch\AdvantShop.Module.YandexSearch.csproj", "{1DBC66BF-8FF2-4473-B56D-2376D11FABF5}"
EndProject
Project("{FAE04EC0-301F-11D3-BF4B-00C04F79EFBC}") = "AdvantShop.Module.Simaland", "Modules\AdvantShop.Module.Simaland\AdvantShop.Module.Simaland.csproj", "{C2C6AAA8-F260-4268-AC81-323A42276BBF}"
EndProject
Project("{FAE04EC0-301F-11D3-BF4B-00C04F79EFBC}") = "AdvantShop.Module.AdditionalMarkers", "Modules\AdvantShop.Module.AdditionalMarkers\AdvantShop.Module.AdditionalMarkers.csproj", "{D380F4D3-D3FB-4CDD-A3E3-27CD29459AC5}"
EndProject
Project("{FAE04EC0-301F-11D3-BF4B-00C04F79EFBC}") = "AdvantShop.Module.BannerMania", "Modules\AdvantShop.Module.BannerMania\AdvantShop.Module.BannerMania.csproj", "{49B8B66C-F6B5-49C3-924A-E63AC9681B2F}"
EndProject
Project("{FAE04EC0-301F-11D3-BF4B-00C04F79EFBC}") = "AdvantShop.Module.ReturnCustomer", "Modules\AdvantShop.Module.ReturnCustomer\AdvantShop.Module.ReturnCustomer.csproj", "{C71EA674-6CA2-4328-A469-1554811B4CAF}"
EndProject
Project("{FAE04EC0-301F-11D3-BF4B-00C04F79EFBC}") = "AdvantShop.Module.RussianPostPrintBlank", "Modules\AdvantShop.Module.RussianPostPrintBlank\AdvantShop.Module.RussianPostPrintBlank.csproj", "{9504FC88-E183-4B8D-BF87-C6723E63A270}"
EndProject
Project("{FAE04EC0-301F-11D3-BF4B-00C04F79EFBC}") = "AdvantShop.Module.StopSovetnik", "Modules\AdvantShop.Module.StopSovetnik\AdvantShop.Module.StopSovetnik.csproj", "{03E025AD-334F-4341-A4A1-E10197486B88}"
EndProject
Project("{FAE04EC0-301F-11D3-BF4B-00C04F79EFBC}") = "AdvantShop.Module.CleanTalk", "Modules\AdvantShop.Module.CleanTalk\AdvantShop.Module.CleanTalk.csproj", "{297769CC-51F8-40E8-888F-721EA369150D}"
EndProject
Project("{FAE04EC0-301F-11D3-BF4B-00C04F79EFBC}") = "AdvantShop.Module.FacebookPixel", "Modules\AdvantShop.Module.FacebookPixel\AdvantShop.Module.FacebookPixel.csproj", "{50670EAE-C169-41D3-8D7C-FF39F3152926}"
EndProject
Project("{FAE04EC0-301F-11D3-BF4B-00C04F79EFBC}") = "AdvantShop.Module.AdvancedPopup", "Modules\AdvantShop.Module.AdvancedPopup\AdvantShop.Module.AdvancedPopup.csproj", "{98B6367B-7397-4248-9A86-6661305B0C1A}"
EndProject
Project("{FAE04EC0-301F-11D3-BF4B-00C04F79EFBC}") = "AdvantShop.Module.DrumOfLuck", "Modules\AdvantShop.Module.DrumOfLuck\AdvantShop.Module.DrumOfLuck.csproj", "{55392DD9-D1BD-4293-A641-C86975EDC6C1}"
EndProject
Project("{FAE04EC0-301F-11D3-BF4B-00C04F79EFBC}") = "AdvantShop.Module.GalleryMix", "Modules\AdvantShop.Module.GalleryMix\AdvantShop.Module.GalleryMix.csproj", "{6872AFEF-4E4D-4ACB-B0C7-32142C07BB76}"
EndProject
Project("{FAE04EC0-301F-11D3-BF4B-00C04F79EFBC}") = "AdvantShop.Module.LiveTex", "Modules\AdvantShop.Module.LiveTex\AdvantShop.Module.LiveTex.csproj", "{40EFC225-846C-4913-8ECE-4F4FCD3A6921}"
EndProject
Project("{FAE04EC0-301F-11D3-BF4B-00C04F79EFBC}") = "AdvantShop.Module.YellowPrice", "Modules\AdvantShop.Module.YellowPrice\AdvantShop.Module.YellowPrice.csproj", "{E0A2F255-F008-41B1-92FF-A192F2647B12}"
EndProject
Project("{FAE04EC0-301F-11D3-BF4B-00C04F79EFBC}") = "AdvantShop.Module.TickerLine", "Modules\AdvantShop.Module.TickerLine\AdvantShop.Module.TickerLine.csproj", "{389BF561-849D-48E5-AF0F-70C40946FB6D}"
EndProject
Project("{FAE04EC0-301F-11D3-BF4B-00C04F79EFBC}") = "AdvantShop.Module.Countdown", "Modules\AdvantShop.Module.Countdown\AdvantShop.Module.Countdown.csproj", "{676E6074-DA95-42B6-AE25-FA899A909584}"
EndProject
Project("{FAE04EC0-301F-11D3-BF4B-00C04F79EFBC}") = "AdvantShop.Module.SEOFilter", "Modules\AdvantShop.Module.SEOFilter\AdvantShop.Module.SEOFilter.csproj", "{4AB4318F-6E7E-451F-A91A-2FB7BC9CD2D4}"
EndProject
Project("{FAE04EC0-301F-11D3-BF4B-00C04F79EFBC}") = "AdvantShop.Module.LazyCatalog", "Modules\AdvantShop.Module.LazyCatalog\AdvantShop.Module.LazyCatalog.csproj", "{DC666DB9-9A53-49AF-86F0-E819EE6FA7C6}"
EndProject
Project("{FAE04EC0-301F-11D3-BF4B-00C04F79EFBC}") = "AdvantShop.Module.ElProducts", "Modules\AdvantShop.Module.ElProducts\AdvantShop.Module.ElProducts.csproj", "{E1CA893D-6585-4243-8A46-FFE2F51685A7}"
EndProject
Project("{FAE04EC0-301F-11D3-BF4B-00C04F79EFBC}") = "AdvantShop.Module.MarkersCategories", "Modules\AdvantShop.Module.MarkersCategories\AdvantShop.Module.MarkersCategories.csproj", "{2EA659A5-664D-40AC-91BB-2257BC385250}"
EndProject
Project("{FAE04EC0-301F-11D3-BF4B-00C04F79EFBC}") = "AdvantShop.Module.Quizzes", "Modules\AdvantShop.Module.Quizzes\AdvantShop.Module.Quizzes.csproj", "{9A861B32-16F0-4626-8491-B550265928A6}"
EndProject
Project("{FAE04EC0-301F-11D3-BF4B-00C04F79EFBC}") = "AdvantShop.Module.TwoAsOne", "Modules\AdvantShop.Module.TwoAsOne\AdvantShop.Module.TwoAsOne.csproj", "{2E90EEC0-7FCC-40DF-A5EB-204D3E881F7F}"
EndProject
Project("{FAE04EC0-301F-11D3-BF4B-00C04F79EFBC}") = "AdvantShop.Module.SmsUnisender", "Modules\AdvantShop.Module.SmsUnisender\AdvantShop.Module.SmsUnisender.csproj", "{31448B42-C37D-4DE5-8AD2-CCC5E144CB0B}"
EndProject
Project("{FAE04EC0-301F-11D3-BF4B-00C04F79EFBC}") = "AdvantShop.Module.SmsStreamTelecom", "Modules\AdvantShop.Module.SmsStreamTelecom\AdvantShop.Module.SmsStreamTelecom.csproj", "{8C85577D-2820-43EF-848D-7354020AE4B2}"
EndProject
Project("{FAE04EC0-301F-11D3-BF4B-00C04F79EFBC}") = "AdvantShop.Module.Sms4b", "Modules\AdvantShop.Module.Sms4b\AdvantShop.Module.Sms4b.csproj", "{7AFC7BA5-10C4-4986-8DD1-66CD8F87D476}"
EndProject
Project("{FAE04EC0-301F-11D3-BF4B-00C04F79EFBC}") = "AdvantShop.Module.SmscRu", "Modules\AdvantShop.Module.SmscRu\AdvantShop.Module.SmscRu.csproj", "{5DB94F0B-CBDC-4C3F-9D80-2F15E477C446}"
EndProject
Project("{FAE04EC0-301F-11D3-BF4B-00C04F79EFBC}") = "AdvantShop.Module.SmsEpochtaRu", "Modules\AdvantShop.Module.SmsEpochtaRu\AdvantShop.Module.SmsEpochtaRu.csproj", "{F04E3395-F9E1-4FD4-8B88-EDDA39A2D5D6}"
EndProject
Project("{FAE04EC0-301F-11D3-BF4B-00C04F79EFBC}") = "AdvantShop.Module.SmsimpleRu", "Modules\AdvantShop.Module.SmsimpleRu\AdvantShop.Module.SmsimpleRu.csproj", "{33395002-D667-46EC-812A-9E661DA2D784}"
EndProject
Project("{FAE04EC0-301F-11D3-BF4B-00C04F79EFBC}") = "AdvantShop.Module.SmsGsmInformRu", "Modules\AdvantShop.Module.SmsGsmInformRu\AdvantShop.Module.SmsGsmInformRu.csproj", "{5085EC69-5456-4E05-AE60-8632B6952F51}"
EndProject
Project("{FAE04EC0-301F-11D3-BF4B-00C04F79EFBC}") = "AdvantShop.Module.SmsIqsmsRu", "Modules\AdvantShop.Module.SmsIqsmsRu\AdvantShop.Module.SmsIqsmsRu.csproj", "{4799063D-B5E2-40BE-AEEC-BF4A02DEF184}"
EndProject
Project("{FAE04EC0-301F-11D3-BF4B-00C04F79EFBC}") = "AdvantShop.Module.SmsPilotRu", "Modules\AdvantShop.Module.SmsPilotRu\AdvantShop.Module.SmsPilotRu.csproj", "{3B7CF7FB-F52C-468F-AC5D-FCBB7EB7828D}"
EndProject
Project("{FAE04EC0-301F-11D3-BF4B-00C04F79EFBC}") = "AdvantShop.Module.SmsSendexRu", "Modules\AdvantShop.Module.SmsSendexRu\AdvantShop.Module.SmsSendexRu.csproj", "{543C3BFB-A5C9-452D-9C90-DAE6FFBE5AFB}"
EndProject
Project("{FAE04EC0-301F-11D3-BF4B-00C04F79EFBC}") = "AdvantShop.Module.SmsSigmaSms", "Modules\AdvantShop.Module.SmsSigmaSms\AdvantShop.Module.SmsSigmaSms.csproj", "{48CE25D0-1D26-408D-AC76-FD6AE17B2CC0}"
EndProject
Project("{FAE04EC0-301F-11D3-BF4B-00C04F79EFBC}") = "AdvantShop.Module.LinkingProducts", "Modules\AdvantShop.Module.LinkingProducts\AdvantShop.Module.LinkingProducts.csproj", "{E24E6565-0195-45B9-97A7-4593CFC4D9D6}"
EndProject
Project("{FAE04EC0-301F-11D3-BF4B-00C04F79EFBC}") = "AdvantShop.Module.CaptureForms", "Modules\AdvantShop.Module.CaptureForms\AdvantShop.Module.CaptureForms.csproj", "{5206BAE7-4C26-49B3-A6DD-CFB9312B92AF}"
EndProject
Project("{FAE04EC0-301F-11D3-BF4B-00C04F79EFBC}") = "AdvantShop.Module.DeliveryCRM", "Modules\AdvantShop.Module.DeliveryCRM\AdvantShop.Module.DeliveryCRM.csproj", "{08B32456-DCC4-4D42-9990-4C21529C2B32}"
EndProject
Project("{FAE04EC0-301F-11D3-BF4B-00C04F79EFBC}") = "AdvantShop.Module.ImageOptimization", "Modules\AdvantShop.Module.ImageOptimization\AdvantShop.Module.ImageOptimization.csproj", "{2AD1F974-B7CF-4968-8985-636CC4930EE5}"
EndProject
Project("{FAE04EC0-301F-11D3-BF4B-00C04F79EFBC}") = "AdvantShop.Module.SendPulseNotifications", "Modules\AdvantShop.Module.SendPulseNotifications\AdvantShop.Module.SendPulseNotifications.csproj", "{945DFBDE-F856-436C-8F11-FFC3AFB6694E}"
EndProject
Project("{FAE04EC0-301F-11D3-BF4B-00C04F79EFBC}") = "AdvantShop.Module.YandexTurboPages", "Modules\AdvantShop.Module.YandexTurboPages\AdvantShop.Module.YandexTurboPages.csproj", "{F8ABDF63-95B1-4BD9-82FC-5BFC8151D67B}"
EndProject
Project("{FAE04EC0-301F-11D3-BF4B-00C04F79EFBC}") = "AdvantShop.Module.Chat2Desk", "Modules\AdvantShop.Module.Chat2Desk\AdvantShop.Module.Chat2Desk.csproj", "{CD848044-C73C-4AED-B8E3-00A42A0A2409}"
EndProject
Project("{FAE04EC0-301F-11D3-BF4B-00C04F79EFBC}") = "AdvantShop.Module.PriceOfProductIncludedInShipping", "Modules\AdvantShop.Module.PriceOfProductIncludedInShipping\AdvantShop.Module.PriceOfProductIncludedInShipping.csproj", "{CADA1C6D-3045-430E-B10A-688820A900A9}"
EndProject
Project("{FAE04EC0-301F-11D3-BF4B-00C04F79EFBC}") = "AdvantShop.Module.NetlabImportUpdate", "Modules\AdvantShop.Module.NetlabImportUpdate\AdvantShop.Module.NetlabImportUpdate.csproj", "{26BA052F-0DB1-4D17-B7B3-83C14547F32B}"
EndProject
Project("{FAE04EC0-301F-11D3-BF4B-00C04F79EFBC}") = "AdvantShop.Module.LiteBox", "Modules\AdvantShop.Module.LiteBox\AdvantShop.Module.LiteBox.csproj", "{99B9C231-C7C7-4744-86C8-406047FFFBF3}"
EndProject
Project("{FAE04EC0-301F-11D3-BF4B-00C04F79EFBC}") = "AdvantShop.Module.VkPixel", "Modules\AdvantShop.Module.VkPixel\AdvantShop.Module.VkPixel.csproj", "{84C1035D-F694-4CB0-B0F6-81725ADBC405}"
EndProject
Project("{FAE04EC0-301F-11D3-BF4B-00C04F79EFBC}") = "AdvantShop.Module.CheckoutCrossSells", "Modules\AdvantShop.Module.CheckoutCrossSells\AdvantShop.Module.CheckoutCrossSells.csproj", "{00C5DD60-8529-42D3-9A90-169D563D61B5}"
EndProject
Project("{FAE04EC0-301F-11D3-BF4B-00C04F79EFBC}") = "AdvantShop.Module.Voting", "Modules\AdvantShop.Module.Voting\AdvantShop.Module.Voting.csproj", "{56C20A15-839F-462B-B529-5D7BBFFD6B67}"
EndProject
Project("{FAE04EC0-301F-11D3-BF4B-00C04F79EFBC}") = "AdvantShop.Module.OneCCommerceML", "Modules\AdvantShop.Module.OneCCommerceML\AdvantShop.Module.OneCCommerceML.csproj", "{0ED2AB83-8DEA-4EBF-8BD2-3C4160096630}"
EndProject
Project("{FAE04EC0-301F-11D3-BF4B-00C04F79EFBC}") = "AdvantShop.Module.Goods", "Modules\AdvantShop.Module.Goods\AdvantShop.Module.Goods.csproj", "{FFBB9422-290E-46AF-B5E0-F5E3BF522204}"
EndProject
Project("{FAE04EC0-301F-11D3-BF4B-00C04F79EFBC}") = "AdvantShop.Module.FilesInProduct", "Modules\AdvantShop.Module.FilesInProduct\AdvantShop.Module.FilesInProduct.csproj", "{5B6A7BF4-CF8F-4F07-8E69-354EE502F6DC}"
EndProject
Project("{FAE04EC0-301F-11D3-BF4B-00C04F79EFBC}") = "AdvantShop.Module.RepeatOrder", "Modules\AdvantShop.Module.RepeatOrder\AdvantShop.Module.RepeatOrder.csproj", "{1617C60C-3D17-4157-A01A-EDDA397B15E8}"
EndProject
Project("{FAE04EC0-301F-11D3-BF4B-00C04F79EFBC}") = "AdvantShop.Module.SearchVoicesUser", "Modules\AdvantShop.Module.SearchVoicesUser\AdvantShop.Module.SearchVoicesUser.csproj", "{5D6CBEB3-3DD9-436B-9555-72A451BD494C}"
EndProject
Project("{FAE04EC0-301F-11D3-BF4B-00C04F79EFBC}") = "AdvantShop.Module.EcomModuleTelegram", "Modules\AdvantShop.Module.EcomModuleTelegram\AdvantShop.Module.EcomModuleTelegram.csproj", "{ED28B075-5415-4A3D-9FAF-8C6984D3FBED}"
EndProject
Project("{FAE04EC0-301F-11D3-BF4B-00C04F79EFBC}") = "AdvantShop.Module.AmountDiscounts", "Modules\AdvantShop.Module.AmountDiscounts\AdvantShop.Module.AmountDiscounts.csproj", "{0E3D9F6C-2382-487C-A0F1-F8D413DCF7AC}"
EndProject
Project("{FAE04EC0-301F-11D3-BF4B-00C04F79EFBC}") = "AdvantShop.Module.StoreReviews", "Modules\AdvantShop.Module.StoreReviews\AdvantShop.Module.StoreReviews.csproj", "{D4C3460A-4BA2-4315-923C-379D59F19C9E}"
EndProject
Project("{FAE04EC0-301F-11D3-BF4B-00C04F79EFBC}") = "AdvantShop.Module.ExportProductsTo2Gis", "Modules\AdvantShop.Module.ExportProductsTo2Gis\AdvantShop.Module.ExportProductsTo2Gis.csproj", "{23ED6DDF-1A98-4A5F-83BB-A2CF34D3E3A1}"
EndProject
Project("{FAE04EC0-301F-11D3-BF4B-00C04F79EFBC}") = "AdvantShop.Module.AdditionalTagsInCategory", "Modules\AdvantShop.Module.AdditionalTagsInCategory\AdvantShop.Module.AdditionalTagsInCategory.csproj", "{48928A3F-E5A4-4BF0-A258-2787515F1C2A}"
EndProject
Project("{FAE04EC0-301F-11D3-BF4B-00C04F79EFBC}") = "AdvantShop.Module.CarouselPRO", "Modules\AdvantShop.Module.CarouselPRO\AdvantShop.Module.CarouselPRO.csproj", "{6A47C428-D898-46F0-8B8C-3784A17EF853}"
EndProject
Project("{FAE04EC0-301F-11D3-BF4B-00C04F79EFBC}") = "AdvantShop.Module.CascadeOfDiscounts", "Modules\AdvantShop.Module.CascadeOfDiscounts\AdvantShop.Module.CascadeOfDiscounts.csproj", "{3BCF25D1-336D-458F-9043-8D3677C6250D}"
EndProject
Project("{FAE04EC0-301F-11D3-BF4B-00C04F79EFBC}") = "AdvantShop.Module.IntellectualContentGeneration", "Modules\AdvantShop.Module.IntellectualContentGeneration\AdvantShop.Module.IntellectualContentGeneration.csproj", "{31342356-4E13-4302-8A6D-618A27B68EBC}"
EndProject
Project("{FAE04EC0-301F-11D3-BF4B-00C04F79EFBC}") = "AdvantShop.Module.Ozon", "Modules\AdvantShop.Module.Ozon\AdvantShop.Module.Ozon.csproj", "{9CB2C610-9A31-4336-8959-159213A56B00}"
EndProject
Project("{FAE04EC0-301F-11D3-BF4B-00C04F79EFBC}") = "AdvantShop.Module.PWAPushNotifications", "Modules\AdvantShop.Module.PWAPushNotifications\AdvantShop.Module.PWAPushNotifications.csproj", "{F225AACA-E81D-4E9D-BB18-995F8BC10105}"
EndProject
Project("{FAE04EC0-301F-11D3-BF4B-00C04F79EFBC}") = "AdvantShop.Module.RemindAboutDiscount", "Modules\AdvantShop.Module.RemindAboutDiscount\AdvantShop.Module.RemindAboutDiscount.csproj", "{8A2CD594-9043-4538-87DE-57DCB4A61584}"
EndProject
Project("{FAE04EC0-301F-11D3-BF4B-00C04F79EFBC}") = "AdvantShop.Module.RemindAboutReceipt", "Modules\AdvantShop.Module.RemindAboutReceipt\AdvantShop.Module.RemindAboutReceipt.csproj", "{AFA5A36E-6B71-4A39-9578-E6D94C601A87}"
EndProject
Project("{FAE04EC0-301F-11D3-BF4B-00C04F79EFBC}") = "AdvantShop.Module.TelegramNotifications", "Modules\AdvantShop.Module.TelegramNotifications\AdvantShop.Module.TelegramNotifications.csproj", "{8BA9D1DE-B942-448E-91C9-9992128F8931}"
EndProject
Project("{FAE04EC0-301F-11D3-BF4B-00C04F79EFBC}") = "AdvantShop.Module.GoogleAnalytics", "Modules\AdvantShop.Module.GoogleAnalytics\AdvantShop.Module.GoogleAnalytics.csproj", "{CA1CCE97-0742-4834-8236-9CD0A8251E7E}"
EndProject
Project("{FAE04EC0-301F-11D3-BF4B-00C04F79EFBC}") = "AdvantShop.Module.Wildberries", "Modules\AdvantShop.Module.Wildberries\AdvantShop.Module.Wildberries.csproj", "{DE80B2A5-C183-4C19-8D45-1AD591525A02}"
EndProject
Project("{FAE04EC0-301F-11D3-BF4B-00C04F79EFBC}") = "AdvantShop.Module.ExportProductsToYandexMaps", "Modules\AdvantShop.Module.ExportProductsToYandexMaps\AdvantShop.Module.ExportProductsToYandexMaps.csproj", "{B5CB00F6-3A2A-41FD-A22A-865659670AD9}"
EndProject
Project("{FAE04EC0-301F-11D3-BF4B-00C04F79EFBC}") = "AdvantShop.Module.VideoWidget", "Modules\AdvantShop.Module.VideoWidget\AdvantShop.Module.VideoWidget.csproj", "{41FE4471-BCC4-4032-89A3-E733F2BEDAB3}"
EndProject
Project("{FAE04EC0-301F-11D3-BF4B-00C04F79EFBC}") = "AdvantShop.Module.AliExpress", "Modules\AdvantShop.Module.AliExpress\AdvantShop.Module.AliExpress.csproj", "{AB9692F5-D7B4-436A-93EB-E5DCB711B32E}"
EndProject
Project("{FAE04EC0-301F-11D3-BF4B-00C04F79EFBC}") = "AdvantShop.Core.Test", "Tests\UnitTests\AdvantShop.Core.Test\AdvantShop.Core.Test.csproj", "{2CD64919-B41B-41EC-9CA6-4E88E2FC046A}"
EndProject
Project("{FAE04EC0-301F-11D3-BF4B-00C04F79EFBC}") = "AdvantShop.FileSystemTests", "Tests\UnitTests\AdvantShop.FileSystemTests\AdvantShop.FileSystemTests.csproj", "{B6124F27-68AD-4996-BFCC-93DC4BC538F3}"
EndProject
Project("{FAE04EC0-301F-11D3-BF4B-00C04F79EFBC}") = "AdvantShop.Module.Wazzup", "Modules\AdvantShop.Module.Wazzup\AdvantShop.Module.Wazzup.csproj", "{725718FB-382A-46E8-919F-CE509746DA87}"
EndProject
Project("{FAE04EC0-301F-11D3-BF4B-00C04F79EFBC}") = "AdvantShop.Module.CheckEnlarger", "Modules\AdvantShop.Module.CheckEnlarger\AdvantShop.Module.CheckEnlarger.csproj", "{7E6C8E15-EAEC-4A37-9166-41BAB89D48AC}"
EndProject
Project("{FAE04EC0-301F-11D3-BF4B-00C04F79EFBC}") = "AdvantShop.Module.ProductTabsAsPages", "Modules\AdvantShop.Module.ProductTabsAsPages\AdvantShop.Module.ProductTabsAsPages.csproj", "{ED2F4A31-FBBB-49E1-B532-432448BA4A58}"
EndProject
Project("{FAE04EC0-301F-11D3-BF4B-00C04F79EFBC}") = "AdvantShop.Module.YandexDirect", "Modules\AdvantShop.Module.YandexDirect\AdvantShop.Module.YandexDirect.csproj", "{1E289EBA-63C0-4247-A090-512CAB250E84}"
EndProject
Project("{FAE04EC0-301F-11D3-BF4B-00C04F79EFBC}") = "AdvantShop.Module.CornerStickers", "Modules\AdvantShop.Module.CornerStickers\AdvantShop.Module.CornerStickers.csproj", "{5750DB79-C3CE-48AA-A2A8-411C7E10F379}"
EndProject
Project("{FAE04EC0-301F-11D3-BF4B-00C04F79EFBC}") = "AdvantShop.Module.CouponOnProductPage", "Modules\AdvantShop.Module.CouponOnProductPage\AdvantShop.Module.CouponOnProductPage.csproj", "{59088F5C-7460-4712-98D7-3B9CF2728818}"
EndProject
Project("{FAE04EC0-301F-11D3-BF4B-00C04F79EFBC}") = "AdvantShop.Module.SmsConfirmation", "Modules\AdvantShop.Module.SmsConfirmation\AdvantShop.Module.SmsConfirmation.csproj", "{3A4A9C8F-A9ED-4E0C-BCD1-836A4ECAABA9}"
EndProject
Project("{FAE04EC0-301F-11D3-BF4B-00C04F79EFBC}") = "AdvantShop.Module.SmsTargetsms", "Modules\AdvantShop.Module.SmsTargetsms\AdvantShop.Module.SmsTargetsms.csproj", "{774CB35E-7D2A-4DE6-A966-4C441840964A}"
EndProject
Project("{FAE04EC0-301F-11D3-BF4B-00C04F79EFBC}") = "AdvantShop.Module.TopProductsInCategory", "Modules\AdvantShop.Module.TopProductsInCategory\AdvantShop.Module.TopProductsInCategory.csproj", "{47FB42FD-50EC-4DE3-9C99-B2C0D4764DFB}"
EndProject
Project("{FAE04EC0-301F-11D3-BF4B-00C04F79EFBC}") = "AdvantShop.Module.UtenokSklad", "Modules\AdvantShop.Module.UtenokSklad\AdvantShop.Module.UtenokSklad.csproj", "{2416D8AD-9F6B-4867-91D3-60C5566F6F0C}"
EndProject
Project("{FAE04EC0-301F-11D3-BF4B-00C04F79EFBC}") = "AdvantShop.Module.Mokka", "Modules\AdvantShop.Module.Mokka\AdvantShop.Module.Mokka.csproj", "{AEA1AE9B-61A0-448D-8E51-8BAB88E25CCC}"
EndProject
Global
	GlobalSection(SolutionConfigurationPlatforms) = preSolution
		Debug|Any CPU = Debug|Any CPU
		Release|Any CPU = Release|Any CPU
	EndGlobalSection
	GlobalSection(ProjectConfigurationPlatforms) = postSolution
		{42A43DBA-9D37-4982-BEA6-82E1051EAF1E}.Debug|Any CPU.ActiveCfg = Debug|Any CPU
		{42A43DBA-9D37-4982-BEA6-82E1051EAF1E}.Debug|Any CPU.Build.0 = Debug|Any CPU
		{42A43DBA-9D37-4982-BEA6-82E1051EAF1E}.Release|Any CPU.ActiveCfg = Release|Any CPU
		{42A43DBA-9D37-4982-BEA6-82E1051EAF1E}.Release|Any CPU.Build.0 = Release|Any CPU
		{59344E96-1527-4FA3-B7C9-48516A82CC4F}.Debug|Any CPU.ActiveCfg = Debug|Any CPU
		{59344E96-1527-4FA3-B7C9-48516A82CC4F}.Debug|Any CPU.Build.0 = Debug|Any CPU
		{59344E96-1527-4FA3-B7C9-48516A82CC4F}.Release|Any CPU.ActiveCfg = Release|Any CPU
		{59344E96-1527-4FA3-B7C9-48516A82CC4F}.Release|Any CPU.Build.0 = Release|Any CPU
		{960C5FE0-6194-4DD3-850D-02B35B0565CE}.Debug|Any CPU.ActiveCfg = Debug|Any CPU
		{960C5FE0-6194-4DD3-850D-02B35B0565CE}.Debug|Any CPU.Build.0 = Debug|Any CPU
		{960C5FE0-6194-4DD3-850D-02B35B0565CE}.Release|Any CPU.ActiveCfg = Release|Any CPU
		{960C5FE0-6194-4DD3-850D-02B35B0565CE}.Release|Any CPU.Build.0 = Release|Any CPU
		{3FA47153-00DE-4F67-A962-08C334DA98C6}.Debug|Any CPU.ActiveCfg = Debug|Any CPU
		{3FA47153-00DE-4F67-A962-08C334DA98C6}.Debug|Any CPU.Build.0 = Debug|Any CPU
		{3FA47153-00DE-4F67-A962-08C334DA98C6}.Release|Any CPU.ActiveCfg = Release|Any CPU
		{3FA47153-00DE-4F67-A962-08C334DA98C6}.Release|Any CPU.Build.0 = Release|Any CPU
		{CEE44733-211C-4D24-8263-C723D4C742C8}.Debug|Any CPU.ActiveCfg = Debug|Any CPU
		{CEE44733-211C-4D24-8263-C723D4C742C8}.Debug|Any CPU.Build.0 = Debug|Any CPU
		{CEE44733-211C-4D24-8263-C723D4C742C8}.Release|Any CPU.ActiveCfg = Release|Any CPU
		{CEE44733-211C-4D24-8263-C723D4C742C8}.Release|Any CPU.Build.0 = Release|Any CPU
		{6BCB9735-2FF3-41FA-9D1C-79640E2F49D7}.Debug|Any CPU.ActiveCfg = Debug|Any CPU
		{6BCB9735-2FF3-41FA-9D1C-79640E2F49D7}.Debug|Any CPU.Build.0 = Debug|Any CPU
		{6BCB9735-2FF3-41FA-9D1C-79640E2F49D7}.Release|Any CPU.ActiveCfg = Release|Any CPU
		{6BCB9735-2FF3-41FA-9D1C-79640E2F49D7}.Release|Any CPU.Build.0 = Release|Any CPU
		{EBDBBBC9-5C37-4EFF-8072-4A5ACC07B80D}.Debug|Any CPU.ActiveCfg = Debug|Any CPU
		{EBDBBBC9-5C37-4EFF-8072-4A5ACC07B80D}.Debug|Any CPU.Build.0 = Debug|Any CPU
		{EBDBBBC9-5C37-4EFF-8072-4A5ACC07B80D}.Release|Any CPU.ActiveCfg = Release|Any CPU
		{EBDBBBC9-5C37-4EFF-8072-4A5ACC07B80D}.Release|Any CPU.Build.0 = Release|Any CPU
		{67AB6276-243E-48C5-9822-41FD9E6D6AAB}.Debug|Any CPU.ActiveCfg = Debug|Any CPU
		{67AB6276-243E-48C5-9822-41FD9E6D6AAB}.Debug|Any CPU.Build.0 = Debug|Any CPU
		{67AB6276-243E-48C5-9822-41FD9E6D6AAB}.Release|Any CPU.ActiveCfg = Release|Any CPU
		{67AB6276-243E-48C5-9822-41FD9E6D6AAB}.Release|Any CPU.Build.0 = Release|Any CPU
		{FA353AFC-5327-4EA4-AD8E-4DED67F2FC7B}.Debug|Any CPU.ActiveCfg = Debug|Any CPU
		{FA353AFC-5327-4EA4-AD8E-4DED67F2FC7B}.Debug|Any CPU.Build.0 = Debug|Any CPU
		{FA353AFC-5327-4EA4-AD8E-4DED67F2FC7B}.Release|Any CPU.ActiveCfg = Release|Any CPU
		{FA353AFC-5327-4EA4-AD8E-4DED67F2FC7B}.Release|Any CPU.Build.0 = Release|Any CPU
		{09C657C2-E06A-499E-AABB-8957D7ED9710}.Debug|Any CPU.ActiveCfg = Debug|Any CPU
		{09C657C2-E06A-499E-AABB-8957D7ED9710}.Debug|Any CPU.Build.0 = Debug|Any CPU
		{09C657C2-E06A-499E-AABB-8957D7ED9710}.Release|Any CPU.ActiveCfg = Release|Any CPU
		{09C657C2-E06A-499E-AABB-8957D7ED9710}.Release|Any CPU.Build.0 = Release|Any CPU
		{E7F217AB-FF68-49EF-9ACE-EE38818F5E52}.Debug|Any CPU.ActiveCfg = Debug|Any CPU
		{E7F217AB-FF68-49EF-9ACE-EE38818F5E52}.Debug|Any CPU.Build.0 = Debug|Any CPU
		{E7F217AB-FF68-49EF-9ACE-EE38818F5E52}.Release|Any CPU.ActiveCfg = Release|Any CPU
		{E7F217AB-FF68-49EF-9ACE-EE38818F5E52}.Release|Any CPU.Build.0 = Release|Any CPU
		{1A45D749-7136-419A-AC32-154F56E2B8B9}.Debug|Any CPU.ActiveCfg = Debug|Any CPU
		{1A45D749-7136-419A-AC32-154F56E2B8B9}.Debug|Any CPU.Build.0 = Debug|Any CPU
		{1A45D749-7136-419A-AC32-154F56E2B8B9}.Release|Any CPU.ActiveCfg = Release|Any CPU
		{1A45D749-7136-419A-AC32-154F56E2B8B9}.Release|Any CPU.Build.0 = Release|Any CPU
		{CD30AEEE-7ECF-43F9-B72F-881887891235}.Debug|Any CPU.ActiveCfg = Debug|Any CPU
		{CD30AEEE-7ECF-43F9-B72F-881887891235}.Debug|Any CPU.Build.0 = Debug|Any CPU
		{CD30AEEE-7ECF-43F9-B72F-881887891235}.Release|Any CPU.ActiveCfg = Release|Any CPU
		{CD30AEEE-7ECF-43F9-B72F-881887891235}.Release|Any CPU.Build.0 = Release|Any CPU
		{3E04D99E-61EE-40CA-89A6-A0BC8B1F29F9}.Debug|Any CPU.ActiveCfg = Debug|Any CPU
		{3E04D99E-61EE-40CA-89A6-A0BC8B1F29F9}.Debug|Any CPU.Build.0 = Debug|Any CPU
		{3E04D99E-61EE-40CA-89A6-A0BC8B1F29F9}.Release|Any CPU.ActiveCfg = Release|Any CPU
		{3E04D99E-61EE-40CA-89A6-A0BC8B1F29F9}.Release|Any CPU.Build.0 = Release|Any CPU
		{6C2538E2-A6FE-45DC-9EE0-F39FE60A9C26}.Debug|Any CPU.ActiveCfg = Debug|Any CPU
		{6C2538E2-A6FE-45DC-9EE0-F39FE60A9C26}.Debug|Any CPU.Build.0 = Debug|Any CPU
		{6C2538E2-A6FE-45DC-9EE0-F39FE60A9C26}.Release|Any CPU.ActiveCfg = Release|Any CPU
		{6C2538E2-A6FE-45DC-9EE0-F39FE60A9C26}.Release|Any CPU.Build.0 = Release|Any CPU
		{4452F84C-FAF1-4EA7-A736-B6D7AE91B24E}.Debug|Any CPU.ActiveCfg = Debug|Any CPU
		{4452F84C-FAF1-4EA7-A736-B6D7AE91B24E}.Debug|Any CPU.Build.0 = Debug|Any CPU
		{4452F84C-FAF1-4EA7-A736-B6D7AE91B24E}.Release|Any CPU.ActiveCfg = Release|Any CPU
		{4452F84C-FAF1-4EA7-A736-B6D7AE91B24E}.Release|Any CPU.Build.0 = Release|Any CPU
		{22B9B7F7-2817-4EED-A206-7BE48EAA76BA}.Debug|Any CPU.ActiveCfg = Debug|Any CPU
		{22B9B7F7-2817-4EED-A206-7BE48EAA76BA}.Debug|Any CPU.Build.0 = Debug|Any CPU
		{22B9B7F7-2817-4EED-A206-7BE48EAA76BA}.Release|Any CPU.ActiveCfg = Release|Any CPU
		{22B9B7F7-2817-4EED-A206-7BE48EAA76BA}.Release|Any CPU.Build.0 = Release|Any CPU
		{670921A2-665E-40F6-AD91-BCB774F76D1C}.Debug|Any CPU.ActiveCfg = Debug|Any CPU
		{670921A2-665E-40F6-AD91-BCB774F76D1C}.Debug|Any CPU.Build.0 = Debug|Any CPU
		{670921A2-665E-40F6-AD91-BCB774F76D1C}.Release|Any CPU.ActiveCfg = Release|Any CPU
		{670921A2-665E-40F6-AD91-BCB774F76D1C}.Release|Any CPU.Build.0 = Release|Any CPU
		{7425FAE2-F631-421B-93BE-BEBDE5089CA3}.Debug|Any CPU.ActiveCfg = Debug|Any CPU
		{7425FAE2-F631-421B-93BE-BEBDE5089CA3}.Debug|Any CPU.Build.0 = Debug|Any CPU
		{7425FAE2-F631-421B-93BE-BEBDE5089CA3}.Release|Any CPU.ActiveCfg = Release|Any CPU
		{7425FAE2-F631-421B-93BE-BEBDE5089CA3}.Release|Any CPU.Build.0 = Release|Any CPU
		{94CEED7D-8BD3-49CD-A29B-36CBAD3A0174}.Debug|Any CPU.ActiveCfg = Debug|Any CPU
		{94CEED7D-8BD3-49CD-A29B-36CBAD3A0174}.Debug|Any CPU.Build.0 = Debug|Any CPU
		{94CEED7D-8BD3-49CD-A29B-36CBAD3A0174}.Release|Any CPU.ActiveCfg = Release|Any CPU
		{94CEED7D-8BD3-49CD-A29B-36CBAD3A0174}.Release|Any CPU.Build.0 = Release|Any CPU
		{45F5B9FE-FB8E-4FC3-81F3-378535E1A72C}.Debug|Any CPU.ActiveCfg = Debug|Any CPU
		{45F5B9FE-FB8E-4FC3-81F3-378535E1A72C}.Debug|Any CPU.Build.0 = Debug|Any CPU
		{45F5B9FE-FB8E-4FC3-81F3-378535E1A72C}.Release|Any CPU.ActiveCfg = Release|Any CPU
		{45F5B9FE-FB8E-4FC3-81F3-378535E1A72C}.Release|Any CPU.Build.0 = Release|Any CPU
		{40EE54E7-723C-442A-B13F-0AD4B38E9581}.Debug|Any CPU.ActiveCfg = Debug|Any CPU
		{40EE54E7-723C-442A-B13F-0AD4B38E9581}.Debug|Any CPU.Build.0 = Debug|Any CPU
		{40EE54E7-723C-442A-B13F-0AD4B38E9581}.Release|Any CPU.ActiveCfg = Release|Any CPU
		{40EE54E7-723C-442A-B13F-0AD4B38E9581}.Release|Any CPU.Build.0 = Release|Any CPU
		{95339807-58EC-4B9C-8808-0A893F3A2CC6}.Debug|Any CPU.ActiveCfg = Debug|Any CPU
		{95339807-58EC-4B9C-8808-0A893F3A2CC6}.Debug|Any CPU.Build.0 = Debug|Any CPU
		{95339807-58EC-4B9C-8808-0A893F3A2CC6}.Release|Any CPU.ActiveCfg = Release|Any CPU
		{95339807-58EC-4B9C-8808-0A893F3A2CC6}.Release|Any CPU.Build.0 = Release|Any CPU
		{BA87A880-280C-47AA-9159-4FD5CB137EF1}.Debug|Any CPU.ActiveCfg = Debug|Any CPU
		{BA87A880-280C-47AA-9159-4FD5CB137EF1}.Debug|Any CPU.Build.0 = Debug|Any CPU
		{BA87A880-280C-47AA-9159-4FD5CB137EF1}.Release|Any CPU.ActiveCfg = Release|Any CPU
		{BA87A880-280C-47AA-9159-4FD5CB137EF1}.Release|Any CPU.Build.0 = Release|Any CPU
		{53062657-6F5A-4A7C-AB8F-C4E5CF594778}.Debug|Any CPU.ActiveCfg = Debug|Any CPU
		{53062657-6F5A-4A7C-AB8F-C4E5CF594778}.Debug|Any CPU.Build.0 = Debug|Any CPU
		{53062657-6F5A-4A7C-AB8F-C4E5CF594778}.Release|Any CPU.ActiveCfg = Release|Any CPU
		{53062657-6F5A-4A7C-AB8F-C4E5CF594778}.Release|Any CPU.Build.0 = Release|Any CPU
		{702B3BB4-890B-43DD-93A0-090ED1E3EA0D}.Debug|Any CPU.ActiveCfg = Debug|Any CPU
		{702B3BB4-890B-43DD-93A0-090ED1E3EA0D}.Debug|Any CPU.Build.0 = Debug|Any CPU
		{702B3BB4-890B-43DD-93A0-090ED1E3EA0D}.Release|Any CPU.ActiveCfg = Release|Any CPU
		{702B3BB4-890B-43DD-93A0-090ED1E3EA0D}.Release|Any CPU.Build.0 = Release|Any CPU
		{DE39FDCF-71C0-48D2-9560-3CB1BFA6DEC9}.Debug|Any CPU.ActiveCfg = Debug|Any CPU
		{DE39FDCF-71C0-48D2-9560-3CB1BFA6DEC9}.Debug|Any CPU.Build.0 = Debug|Any CPU
		{DE39FDCF-71C0-48D2-9560-3CB1BFA6DEC9}.Release|Any CPU.ActiveCfg = Release|Any CPU
		{DE39FDCF-71C0-48D2-9560-3CB1BFA6DEC9}.Release|Any CPU.Build.0 = Release|Any CPU
		{86E01881-8CCE-480D-9263-56FBEDF71678}.Debug|Any CPU.ActiveCfg = Debug|Any CPU
		{86E01881-8CCE-480D-9263-56FBEDF71678}.Debug|Any CPU.Build.0 = Debug|Any CPU
		{86E01881-8CCE-480D-9263-56FBEDF71678}.Release|Any CPU.ActiveCfg = Release|Any CPU
		{86E01881-8CCE-480D-9263-56FBEDF71678}.Release|Any CPU.Build.0 = Release|Any CPU
		{2C31D1BA-A076-48EE-B3BA-3FBE8D471EAA}.Debug|Any CPU.ActiveCfg = Debug|Any CPU
		{2C31D1BA-A076-48EE-B3BA-3FBE8D471EAA}.Debug|Any CPU.Build.0 = Debug|Any CPU
		{2C31D1BA-A076-48EE-B3BA-3FBE8D471EAA}.Release|Any CPU.ActiveCfg = Release|Any CPU
		{2C31D1BA-A076-48EE-B3BA-3FBE8D471EAA}.Release|Any CPU.Build.0 = Release|Any CPU
		{07F8B614-076C-4497-BD9F-04037EB92C04}.Debug|Any CPU.ActiveCfg = Debug|Any CPU
		{07F8B614-076C-4497-BD9F-04037EB92C04}.Debug|Any CPU.Build.0 = Debug|Any CPU
		{07F8B614-076C-4497-BD9F-04037EB92C04}.Release|Any CPU.ActiveCfg = Release|Any CPU
		{07F8B614-076C-4497-BD9F-04037EB92C04}.Release|Any CPU.Build.0 = Release|Any CPU
		{823BCC6D-62C0-44CB-B36A-09A6ED067253}.Debug|Any CPU.ActiveCfg = Debug|Any CPU
		{823BCC6D-62C0-44CB-B36A-09A6ED067253}.Debug|Any CPU.Build.0 = Debug|Any CPU
		{823BCC6D-62C0-44CB-B36A-09A6ED067253}.Release|Any CPU.ActiveCfg = Release|Any CPU
		{823BCC6D-62C0-44CB-B36A-09A6ED067253}.Release|Any CPU.Build.0 = Release|Any CPU
		{2ADEF9CA-FF3F-441E-8CA8-E9FE4DB6364C}.Debug|Any CPU.ActiveCfg = Debug|Any CPU
		{2ADEF9CA-FF3F-441E-8CA8-E9FE4DB6364C}.Debug|Any CPU.Build.0 = Debug|Any CPU
		{2ADEF9CA-FF3F-441E-8CA8-E9FE4DB6364C}.Release|Any CPU.ActiveCfg = Release|Any CPU
		{2ADEF9CA-FF3F-441E-8CA8-E9FE4DB6364C}.Release|Any CPU.Build.0 = Release|Any CPU
		{EB52EABB-14F8-4A6A-9D8F-94F0CF910665}.Debug|Any CPU.ActiveCfg = Debug|Any CPU
		{EB52EABB-14F8-4A6A-9D8F-94F0CF910665}.Debug|Any CPU.Build.0 = Debug|Any CPU
		{EB52EABB-14F8-4A6A-9D8F-94F0CF910665}.Release|Any CPU.ActiveCfg = Release|Any CPU
		{EB52EABB-14F8-4A6A-9D8F-94F0CF910665}.Release|Any CPU.Build.0 = Release|Any CPU
		{5B75E616-C19A-4A76-8FF3-C8FB7098BF5F}.Debug|Any CPU.ActiveCfg = Debug|Any CPU
		{5B75E616-C19A-4A76-8FF3-C8FB7098BF5F}.Debug|Any CPU.Build.0 = Debug|Any CPU
		{5B75E616-C19A-4A76-8FF3-C8FB7098BF5F}.Release|Any CPU.ActiveCfg = Release|Any CPU
		{5B75E616-C19A-4A76-8FF3-C8FB7098BF5F}.Release|Any CPU.Build.0 = Release|Any CPU
		{E3E7A668-450B-4F3F-88C3-F143BCCD0B0E}.Debug|Any CPU.ActiveCfg = Debug|Any CPU
		{E3E7A668-450B-4F3F-88C3-F143BCCD0B0E}.Debug|Any CPU.Build.0 = Debug|Any CPU
		{E3E7A668-450B-4F3F-88C3-F143BCCD0B0E}.Release|Any CPU.ActiveCfg = Release|Any CPU
		{E3E7A668-450B-4F3F-88C3-F143BCCD0B0E}.Release|Any CPU.Build.0 = Release|Any CPU
		{5AFFEBF0-D4D8-425E-AD98-92F73165BAF2}.Debug|Any CPU.ActiveCfg = Debug|Any CPU
		{5AFFEBF0-D4D8-425E-AD98-92F73165BAF2}.Debug|Any CPU.Build.0 = Debug|Any CPU
		{5AFFEBF0-D4D8-425E-AD98-92F73165BAF2}.Release|Any CPU.ActiveCfg = Release|Any CPU
		{5AFFEBF0-D4D8-425E-AD98-92F73165BAF2}.Release|Any CPU.Build.0 = Release|Any CPU
		{D574837F-0966-469C-8D93-D254F237E1FC}.Debug|Any CPU.ActiveCfg = Debug|Any CPU
		{D574837F-0966-469C-8D93-D254F237E1FC}.Debug|Any CPU.Build.0 = Debug|Any CPU
		{D574837F-0966-469C-8D93-D254F237E1FC}.Release|Any CPU.ActiveCfg = Release|Any CPU
		{D574837F-0966-469C-8D93-D254F237E1FC}.Release|Any CPU.Build.0 = Release|Any CPU
		{897102A9-B007-4F4B-BECF-CF1DF964AFE2}.Debug|Any CPU.ActiveCfg = Debug|Any CPU
		{897102A9-B007-4F4B-BECF-CF1DF964AFE2}.Debug|Any CPU.Build.0 = Debug|Any CPU
		{897102A9-B007-4F4B-BECF-CF1DF964AFE2}.Release|Any CPU.ActiveCfg = Release|Any CPU
		{897102A9-B007-4F4B-BECF-CF1DF964AFE2}.Release|Any CPU.Build.0 = Release|Any CPU
		{686834F4-2D84-40ED-AEC0-C8DDAE6ECA33}.Debug|Any CPU.ActiveCfg = Debug|Any CPU
		{686834F4-2D84-40ED-AEC0-C8DDAE6ECA33}.Debug|Any CPU.Build.0 = Debug|Any CPU
		{686834F4-2D84-40ED-AEC0-C8DDAE6ECA33}.Release|Any CPU.ActiveCfg = Release|Any CPU
		{686834F4-2D84-40ED-AEC0-C8DDAE6ECA33}.Release|Any CPU.Build.0 = Release|Any CPU
		{253CCBC9-434A-4056-B7E1-1E506D1BB53D}.Debug|Any CPU.ActiveCfg = Debug|Any CPU
		{253CCBC9-434A-4056-B7E1-1E506D1BB53D}.Debug|Any CPU.Build.0 = Debug|Any CPU
		{253CCBC9-434A-4056-B7E1-1E506D1BB53D}.Release|Any CPU.ActiveCfg = Release|Any CPU
		{253CCBC9-434A-4056-B7E1-1E506D1BB53D}.Release|Any CPU.Build.0 = Release|Any CPU
		{BE3C38F7-4A25-4797-A350-A6BC8C23929D}.Debug|Any CPU.ActiveCfg = Debug|Any CPU
		{BE3C38F7-4A25-4797-A350-A6BC8C23929D}.Debug|Any CPU.Build.0 = Debug|Any CPU
		{BE3C38F7-4A25-4797-A350-A6BC8C23929D}.Release|Any CPU.ActiveCfg = Release|Any CPU
		{BE3C38F7-4A25-4797-A350-A6BC8C23929D}.Release|Any CPU.Build.0 = Release|Any CPU
		{EE5F9034-E1ED-43B7-89F4-E83269247A62}.Debug|Any CPU.ActiveCfg = Debug|Any CPU
		{EE5F9034-E1ED-43B7-89F4-E83269247A62}.Debug|Any CPU.Build.0 = Debug|Any CPU
		{EE5F9034-E1ED-43B7-89F4-E83269247A62}.Release|Any CPU.ActiveCfg = Release|Any CPU
		{EE5F9034-E1ED-43B7-89F4-E83269247A62}.Release|Any CPU.Build.0 = Release|Any CPU
		{EDCC8D98-5540-4C38-8072-AFCDB2D4AED7}.Debug|Any CPU.ActiveCfg = Debug|Any CPU
		{EDCC8D98-5540-4C38-8072-AFCDB2D4AED7}.Debug|Any CPU.Build.0 = Debug|Any CPU
		{EDCC8D98-5540-4C38-8072-AFCDB2D4AED7}.Release|Any CPU.ActiveCfg = Release|Any CPU
		{EDCC8D98-5540-4C38-8072-AFCDB2D4AED7}.Release|Any CPU.Build.0 = Release|Any CPU
		{14ECF83B-795C-498A-9B29-6237042BA719}.Debug|Any CPU.ActiveCfg = Debug|Any CPU
		{14ECF83B-795C-498A-9B29-6237042BA719}.Debug|Any CPU.Build.0 = Debug|Any CPU
		{14ECF83B-795C-498A-9B29-6237042BA719}.Release|Any CPU.ActiveCfg = Release|Any CPU
		{14ECF83B-795C-498A-9B29-6237042BA719}.Release|Any CPU.Build.0 = Release|Any CPU
		{6E01C1B1-4453-436F-8818-F95ACB5B9C07}.Debug|Any CPU.ActiveCfg = Debug|Any CPU
		{6E01C1B1-4453-436F-8818-F95ACB5B9C07}.Debug|Any CPU.Build.0 = Debug|Any CPU
		{6E01C1B1-4453-436F-8818-F95ACB5B9C07}.Release|Any CPU.ActiveCfg = Release|Any CPU
		{6E01C1B1-4453-436F-8818-F95ACB5B9C07}.Release|Any CPU.Build.0 = Release|Any CPU
		{59D9DA04-3C58-4965-8E66-9EC686030CDA}.Debug|Any CPU.ActiveCfg = Debug|Any CPU
		{59D9DA04-3C58-4965-8E66-9EC686030CDA}.Debug|Any CPU.Build.0 = Debug|Any CPU
		{59D9DA04-3C58-4965-8E66-9EC686030CDA}.Release|Any CPU.ActiveCfg = Release|Any CPU
		{59D9DA04-3C58-4965-8E66-9EC686030CDA}.Release|Any CPU.Build.0 = Release|Any CPU
		{D6258AB8-DD7F-442D-B735-14C61004CB29}.Debug|Any CPU.ActiveCfg = Debug|Any CPU
		{D6258AB8-DD7F-442D-B735-14C61004CB29}.Debug|Any CPU.Build.0 = Debug|Any CPU
		{D6258AB8-DD7F-442D-B735-14C61004CB29}.Release|Any CPU.ActiveCfg = Release|Any CPU
		{D6258AB8-DD7F-442D-B735-14C61004CB29}.Release|Any CPU.Build.0 = Release|Any CPU
		{8519F4AF-12C8-4C16-BEDB-08CFCE87CC92}.Debug|Any CPU.ActiveCfg = Debug|Any CPU
		{8519F4AF-12C8-4C16-BEDB-08CFCE87CC92}.Debug|Any CPU.Build.0 = Debug|Any CPU
		{8519F4AF-12C8-4C16-BEDB-08CFCE87CC92}.Release|Any CPU.ActiveCfg = Release|Any CPU
		{8519F4AF-12C8-4C16-BEDB-08CFCE87CC92}.Release|Any CPU.Build.0 = Release|Any CPU
		{34599DC6-F320-4B5D-BD23-EF8BCA685744}.Debug|Any CPU.ActiveCfg = Debug|Any CPU
		{34599DC6-F320-4B5D-BD23-EF8BCA685744}.Debug|Any CPU.Build.0 = Debug|Any CPU
		{34599DC6-F320-4B5D-BD23-EF8BCA685744}.Release|Any CPU.ActiveCfg = Release|Any CPU
		{34599DC6-F320-4B5D-BD23-EF8BCA685744}.Release|Any CPU.Build.0 = Release|Any CPU
		{1DBC66BF-8FF2-4473-B56D-2376D11FABF5}.Debug|Any CPU.ActiveCfg = Debug|Any CPU
		{1DBC66BF-8FF2-4473-B56D-2376D11FABF5}.Debug|Any CPU.Build.0 = Debug|Any CPU
		{1DBC66BF-8FF2-4473-B56D-2376D11FABF5}.Release|Any CPU.ActiveCfg = Release|Any CPU
		{1DBC66BF-8FF2-4473-B56D-2376D11FABF5}.Release|Any CPU.Build.0 = Release|Any CPU
		{C2C6AAA8-F260-4268-AC81-323A42276BBF}.Debug|Any CPU.ActiveCfg = Debug|Any CPU
		{C2C6AAA8-F260-4268-AC81-323A42276BBF}.Debug|Any CPU.Build.0 = Debug|Any CPU
		{C2C6AAA8-F260-4268-AC81-323A42276BBF}.Release|Any CPU.ActiveCfg = Release|Any CPU
		{C2C6AAA8-F260-4268-AC81-323A42276BBF}.Release|Any CPU.Build.0 = Release|Any CPU
		{D380F4D3-D3FB-4CDD-A3E3-27CD29459AC5}.Debug|Any CPU.ActiveCfg = Debug|Any CPU
		{D380F4D3-D3FB-4CDD-A3E3-27CD29459AC5}.Debug|Any CPU.Build.0 = Debug|Any CPU
		{D380F4D3-D3FB-4CDD-A3E3-27CD29459AC5}.Release|Any CPU.ActiveCfg = Release|Any CPU
		{D380F4D3-D3FB-4CDD-A3E3-27CD29459AC5}.Release|Any CPU.Build.0 = Release|Any CPU
		{49B8B66C-F6B5-49C3-924A-E63AC9681B2F}.Debug|Any CPU.ActiveCfg = Debug|Any CPU
		{49B8B66C-F6B5-49C3-924A-E63AC9681B2F}.Debug|Any CPU.Build.0 = Debug|Any CPU
		{49B8B66C-F6B5-49C3-924A-E63AC9681B2F}.Release|Any CPU.ActiveCfg = Release|Any CPU
		{49B8B66C-F6B5-49C3-924A-E63AC9681B2F}.Release|Any CPU.Build.0 = Release|Any CPU
		{C71EA674-6CA2-4328-A469-1554811B4CAF}.Debug|Any CPU.ActiveCfg = Debug|Any CPU
		{C71EA674-6CA2-4328-A469-1554811B4CAF}.Debug|Any CPU.Build.0 = Debug|Any CPU
		{C71EA674-6CA2-4328-A469-1554811B4CAF}.Release|Any CPU.ActiveCfg = Release|Any CPU
		{C71EA674-6CA2-4328-A469-1554811B4CAF}.Release|Any CPU.Build.0 = Release|Any CPU
		{9504FC88-E183-4B8D-BF87-C6723E63A270}.Debug|Any CPU.ActiveCfg = Debug|Any CPU
		{9504FC88-E183-4B8D-BF87-C6723E63A270}.Debug|Any CPU.Build.0 = Debug|Any CPU
		{9504FC88-E183-4B8D-BF87-C6723E63A270}.Release|Any CPU.ActiveCfg = Release|Any CPU
		{9504FC88-E183-4B8D-BF87-C6723E63A270}.Release|Any CPU.Build.0 = Release|Any CPU
		{03E025AD-334F-4341-A4A1-E10197486B88}.Debug|Any CPU.ActiveCfg = Debug|Any CPU
		{03E025AD-334F-4341-A4A1-E10197486B88}.Debug|Any CPU.Build.0 = Debug|Any CPU
		{03E025AD-334F-4341-A4A1-E10197486B88}.Release|Any CPU.ActiveCfg = Release|Any CPU
		{03E025AD-334F-4341-A4A1-E10197486B88}.Release|Any CPU.Build.0 = Release|Any CPU
		{297769CC-51F8-40E8-888F-721EA369150D}.Debug|Any CPU.ActiveCfg = Debug|Any CPU
		{297769CC-51F8-40E8-888F-721EA369150D}.Debug|Any CPU.Build.0 = Debug|Any CPU
		{297769CC-51F8-40E8-888F-721EA369150D}.Release|Any CPU.ActiveCfg = Release|Any CPU
		{297769CC-51F8-40E8-888F-721EA369150D}.Release|Any CPU.Build.0 = Release|Any CPU
		{50670EAE-C169-41D3-8D7C-FF39F3152926}.Debug|Any CPU.ActiveCfg = Debug|Any CPU
		{50670EAE-C169-41D3-8D7C-FF39F3152926}.Debug|Any CPU.Build.0 = Debug|Any CPU
		{50670EAE-C169-41D3-8D7C-FF39F3152926}.Release|Any CPU.ActiveCfg = Release|Any CPU
		{50670EAE-C169-41D3-8D7C-FF39F3152926}.Release|Any CPU.Build.0 = Release|Any CPU
		{98B6367B-7397-4248-9A86-6661305B0C1A}.Debug|Any CPU.ActiveCfg = Debug|Any CPU
		{98B6367B-7397-4248-9A86-6661305B0C1A}.Debug|Any CPU.Build.0 = Debug|Any CPU
		{98B6367B-7397-4248-9A86-6661305B0C1A}.Release|Any CPU.ActiveCfg = Release|Any CPU
		{98B6367B-7397-4248-9A86-6661305B0C1A}.Release|Any CPU.Build.0 = Release|Any CPU
		{55392DD9-D1BD-4293-A641-C86975EDC6C1}.Debug|Any CPU.ActiveCfg = Debug|Any CPU
		{55392DD9-D1BD-4293-A641-C86975EDC6C1}.Debug|Any CPU.Build.0 = Debug|Any CPU
		{55392DD9-D1BD-4293-A641-C86975EDC6C1}.Release|Any CPU.ActiveCfg = Release|Any CPU
		{55392DD9-D1BD-4293-A641-C86975EDC6C1}.Release|Any CPU.Build.0 = Release|Any CPU
		{6872AFEF-4E4D-4ACB-B0C7-32142C07BB76}.Debug|Any CPU.ActiveCfg = Debug|Any CPU
		{6872AFEF-4E4D-4ACB-B0C7-32142C07BB76}.Debug|Any CPU.Build.0 = Debug|Any CPU
		{6872AFEF-4E4D-4ACB-B0C7-32142C07BB76}.Release|Any CPU.ActiveCfg = Release|Any CPU
		{6872AFEF-4E4D-4ACB-B0C7-32142C07BB76}.Release|Any CPU.Build.0 = Release|Any CPU
		{40EFC225-846C-4913-8ECE-4F4FCD3A6921}.Debug|Any CPU.ActiveCfg = Debug|Any CPU
		{40EFC225-846C-4913-8ECE-4F4FCD3A6921}.Debug|Any CPU.Build.0 = Debug|Any CPU
		{40EFC225-846C-4913-8ECE-4F4FCD3A6921}.Release|Any CPU.ActiveCfg = Release|Any CPU
		{40EFC225-846C-4913-8ECE-4F4FCD3A6921}.Release|Any CPU.Build.0 = Release|Any CPU
		{E0A2F255-F008-41B1-92FF-A192F2647B12}.Debug|Any CPU.ActiveCfg = Debug|Any CPU
		{E0A2F255-F008-41B1-92FF-A192F2647B12}.Debug|Any CPU.Build.0 = Debug|Any CPU
		{E0A2F255-F008-41B1-92FF-A192F2647B12}.Release|Any CPU.ActiveCfg = Release|Any CPU
		{E0A2F255-F008-41B1-92FF-A192F2647B12}.Release|Any CPU.Build.0 = Release|Any CPU
		{389BF561-849D-48E5-AF0F-70C40946FB6D}.Debug|Any CPU.ActiveCfg = Debug|Any CPU
		{389BF561-849D-48E5-AF0F-70C40946FB6D}.Debug|Any CPU.Build.0 = Debug|Any CPU
		{389BF561-849D-48E5-AF0F-70C40946FB6D}.Release|Any CPU.ActiveCfg = Release|Any CPU
		{389BF561-849D-48E5-AF0F-70C40946FB6D}.Release|Any CPU.Build.0 = Release|Any CPU
		{676E6074-DA95-42B6-AE25-FA899A909584}.Debug|Any CPU.ActiveCfg = Debug|Any CPU
		{676E6074-DA95-42B6-AE25-FA899A909584}.Debug|Any CPU.Build.0 = Debug|Any CPU
		{676E6074-DA95-42B6-AE25-FA899A909584}.Release|Any CPU.ActiveCfg = Release|Any CPU
		{676E6074-DA95-42B6-AE25-FA899A909584}.Release|Any CPU.Build.0 = Release|Any CPU
		{4AB4318F-6E7E-451F-A91A-2FB7BC9CD2D4}.Debug|Any CPU.ActiveCfg = Debug|Any CPU
		{4AB4318F-6E7E-451F-A91A-2FB7BC9CD2D4}.Debug|Any CPU.Build.0 = Debug|Any CPU
		{4AB4318F-6E7E-451F-A91A-2FB7BC9CD2D4}.Release|Any CPU.ActiveCfg = Release|Any CPU
		{4AB4318F-6E7E-451F-A91A-2FB7BC9CD2D4}.Release|Any CPU.Build.0 = Release|Any CPU
		{DC666DB9-9A53-49AF-86F0-E819EE6FA7C6}.Debug|Any CPU.ActiveCfg = Debug|Any CPU
		{DC666DB9-9A53-49AF-86F0-E819EE6FA7C6}.Debug|Any CPU.Build.0 = Debug|Any CPU
		{DC666DB9-9A53-49AF-86F0-E819EE6FA7C6}.Release|Any CPU.ActiveCfg = Release|Any CPU
		{DC666DB9-9A53-49AF-86F0-E819EE6FA7C6}.Release|Any CPU.Build.0 = Release|Any CPU
		{E1CA893D-6585-4243-8A46-FFE2F51685A7}.Debug|Any CPU.ActiveCfg = Debug|Any CPU
		{E1CA893D-6585-4243-8A46-FFE2F51685A7}.Debug|Any CPU.Build.0 = Debug|Any CPU
		{E1CA893D-6585-4243-8A46-FFE2F51685A7}.Release|Any CPU.ActiveCfg = Release|Any CPU
		{E1CA893D-6585-4243-8A46-FFE2F51685A7}.Release|Any CPU.Build.0 = Release|Any CPU
		{2EA659A5-664D-40AC-91BB-2257BC385250}.Debug|Any CPU.ActiveCfg = Debug|Any CPU
		{2EA659A5-664D-40AC-91BB-2257BC385250}.Debug|Any CPU.Build.0 = Debug|Any CPU
		{2EA659A5-664D-40AC-91BB-2257BC385250}.Release|Any CPU.ActiveCfg = Release|Any CPU
		{2EA659A5-664D-40AC-91BB-2257BC385250}.Release|Any CPU.Build.0 = Release|Any CPU
		{9A861B32-16F0-4626-8491-B550265928A6}.Debug|Any CPU.ActiveCfg = Debug|Any CPU
		{9A861B32-16F0-4626-8491-B550265928A6}.Debug|Any CPU.Build.0 = Debug|Any CPU
		{9A861B32-16F0-4626-8491-B550265928A6}.Release|Any CPU.ActiveCfg = Release|Any CPU
		{9A861B32-16F0-4626-8491-B550265928A6}.Release|Any CPU.Build.0 = Release|Any CPU
		{2E90EEC0-7FCC-40DF-A5EB-204D3E881F7F}.Debug|Any CPU.ActiveCfg = Debug|Any CPU
		{2E90EEC0-7FCC-40DF-A5EB-204D3E881F7F}.Debug|Any CPU.Build.0 = Debug|Any CPU
		{2E90EEC0-7FCC-40DF-A5EB-204D3E881F7F}.Release|Any CPU.ActiveCfg = Release|Any CPU
		{2E90EEC0-7FCC-40DF-A5EB-204D3E881F7F}.Release|Any CPU.Build.0 = Release|Any CPU
		{31448B42-C37D-4DE5-8AD2-CCC5E144CB0B}.Debug|Any CPU.ActiveCfg = Debug|Any CPU
		{31448B42-C37D-4DE5-8AD2-CCC5E144CB0B}.Debug|Any CPU.Build.0 = Debug|Any CPU
		{31448B42-C37D-4DE5-8AD2-CCC5E144CB0B}.Release|Any CPU.ActiveCfg = Release|Any CPU
		{31448B42-C37D-4DE5-8AD2-CCC5E144CB0B}.Release|Any CPU.Build.0 = Release|Any CPU
		{8C85577D-2820-43EF-848D-7354020AE4B2}.Debug|Any CPU.ActiveCfg = Debug|Any CPU
		{8C85577D-2820-43EF-848D-7354020AE4B2}.Debug|Any CPU.Build.0 = Debug|Any CPU
		{8C85577D-2820-43EF-848D-7354020AE4B2}.Release|Any CPU.ActiveCfg = Release|Any CPU
		{8C85577D-2820-43EF-848D-7354020AE4B2}.Release|Any CPU.Build.0 = Release|Any CPU
		{7AFC7BA5-10C4-4986-8DD1-66CD8F87D476}.Debug|Any CPU.ActiveCfg = Debug|Any CPU
		{7AFC7BA5-10C4-4986-8DD1-66CD8F87D476}.Debug|Any CPU.Build.0 = Debug|Any CPU
		{7AFC7BA5-10C4-4986-8DD1-66CD8F87D476}.Release|Any CPU.ActiveCfg = Release|Any CPU
		{7AFC7BA5-10C4-4986-8DD1-66CD8F87D476}.Release|Any CPU.Build.0 = Release|Any CPU
		{5DB94F0B-CBDC-4C3F-9D80-2F15E477C446}.Debug|Any CPU.ActiveCfg = Debug|Any CPU
		{5DB94F0B-CBDC-4C3F-9D80-2F15E477C446}.Debug|Any CPU.Build.0 = Debug|Any CPU
		{5DB94F0B-CBDC-4C3F-9D80-2F15E477C446}.Release|Any CPU.ActiveCfg = Release|Any CPU
		{5DB94F0B-CBDC-4C3F-9D80-2F15E477C446}.Release|Any CPU.Build.0 = Release|Any CPU
		{F04E3395-F9E1-4FD4-8B88-EDDA39A2D5D6}.Debug|Any CPU.ActiveCfg = Debug|Any CPU
		{F04E3395-F9E1-4FD4-8B88-EDDA39A2D5D6}.Debug|Any CPU.Build.0 = Debug|Any CPU
		{F04E3395-F9E1-4FD4-8B88-EDDA39A2D5D6}.Release|Any CPU.ActiveCfg = Release|Any CPU
		{F04E3395-F9E1-4FD4-8B88-EDDA39A2D5D6}.Release|Any CPU.Build.0 = Release|Any CPU
		{33395002-D667-46EC-812A-9E661DA2D784}.Debug|Any CPU.ActiveCfg = Debug|Any CPU
		{33395002-D667-46EC-812A-9E661DA2D784}.Debug|Any CPU.Build.0 = Debug|Any CPU
		{33395002-D667-46EC-812A-9E661DA2D784}.Release|Any CPU.ActiveCfg = Release|Any CPU
		{33395002-D667-46EC-812A-9E661DA2D784}.Release|Any CPU.Build.0 = Release|Any CPU
		{5085EC69-5456-4E05-AE60-8632B6952F51}.Debug|Any CPU.ActiveCfg = Debug|Any CPU
		{5085EC69-5456-4E05-AE60-8632B6952F51}.Debug|Any CPU.Build.0 = Debug|Any CPU
		{5085EC69-5456-4E05-AE60-8632B6952F51}.Release|Any CPU.ActiveCfg = Release|Any CPU
		{5085EC69-5456-4E05-AE60-8632B6952F51}.Release|Any CPU.Build.0 = Release|Any CPU
		{4799063D-B5E2-40BE-AEEC-BF4A02DEF184}.Debug|Any CPU.ActiveCfg = Debug|Any CPU
		{4799063D-B5E2-40BE-AEEC-BF4A02DEF184}.Debug|Any CPU.Build.0 = Debug|Any CPU
		{4799063D-B5E2-40BE-AEEC-BF4A02DEF184}.Release|Any CPU.ActiveCfg = Release|Any CPU
		{4799063D-B5E2-40BE-AEEC-BF4A02DEF184}.Release|Any CPU.Build.0 = Release|Any CPU
		{3B7CF7FB-F52C-468F-AC5D-FCBB7EB7828D}.Debug|Any CPU.ActiveCfg = Debug|Any CPU
		{3B7CF7FB-F52C-468F-AC5D-FCBB7EB7828D}.Debug|Any CPU.Build.0 = Debug|Any CPU
		{3B7CF7FB-F52C-468F-AC5D-FCBB7EB7828D}.Release|Any CPU.ActiveCfg = Release|Any CPU
		{3B7CF7FB-F52C-468F-AC5D-FCBB7EB7828D}.Release|Any CPU.Build.0 = Release|Any CPU
		{543C3BFB-A5C9-452D-9C90-DAE6FFBE5AFB}.Debug|Any CPU.ActiveCfg = Debug|Any CPU
		{543C3BFB-A5C9-452D-9C90-DAE6FFBE5AFB}.Debug|Any CPU.Build.0 = Debug|Any CPU
		{543C3BFB-A5C9-452D-9C90-DAE6FFBE5AFB}.Release|Any CPU.ActiveCfg = Release|Any CPU
		{543C3BFB-A5C9-452D-9C90-DAE6FFBE5AFB}.Release|Any CPU.Build.0 = Release|Any CPU
		{48CE25D0-1D26-408D-AC76-FD6AE17B2CC0}.Debug|Any CPU.ActiveCfg = Debug|Any CPU
		{48CE25D0-1D26-408D-AC76-FD6AE17B2CC0}.Debug|Any CPU.Build.0 = Debug|Any CPU
		{48CE25D0-1D26-408D-AC76-FD6AE17B2CC0}.Release|Any CPU.ActiveCfg = Release|Any CPU
		{48CE25D0-1D26-408D-AC76-FD6AE17B2CC0}.Release|Any CPU.Build.0 = Release|Any CPU
		{E24E6565-0195-45B9-97A7-4593CFC4D9D6}.Debug|Any CPU.ActiveCfg = Debug|Any CPU
		{E24E6565-0195-45B9-97A7-4593CFC4D9D6}.Debug|Any CPU.Build.0 = Debug|Any CPU
		{E24E6565-0195-45B9-97A7-4593CFC4D9D6}.Release|Any CPU.ActiveCfg = Release|Any CPU
		{E24E6565-0195-45B9-97A7-4593CFC4D9D6}.Release|Any CPU.Build.0 = Release|Any CPU
		{5206BAE7-4C26-49B3-A6DD-CFB9312B92AF}.Debug|Any CPU.ActiveCfg = Debug|Any CPU
		{5206BAE7-4C26-49B3-A6DD-CFB9312B92AF}.Debug|Any CPU.Build.0 = Debug|Any CPU
		{5206BAE7-4C26-49B3-A6DD-CFB9312B92AF}.Release|Any CPU.ActiveCfg = Release|Any CPU
		{5206BAE7-4C26-49B3-A6DD-CFB9312B92AF}.Release|Any CPU.Build.0 = Release|Any CPU
		{08B32456-DCC4-4D42-9990-4C21529C2B32}.Debug|Any CPU.ActiveCfg = Debug|Any CPU
		{08B32456-DCC4-4D42-9990-4C21529C2B32}.Debug|Any CPU.Build.0 = Debug|Any CPU
		{08B32456-DCC4-4D42-9990-4C21529C2B32}.Release|Any CPU.ActiveCfg = Release|Any CPU
		{08B32456-DCC4-4D42-9990-4C21529C2B32}.Release|Any CPU.Build.0 = Release|Any CPU
		{2AD1F974-B7CF-4968-8985-636CC4930EE5}.Debug|Any CPU.ActiveCfg = Debug|Any CPU
		{2AD1F974-B7CF-4968-8985-636CC4930EE5}.Debug|Any CPU.Build.0 = Debug|Any CPU
		{2AD1F974-B7CF-4968-8985-636CC4930EE5}.Release|Any CPU.ActiveCfg = Release|Any CPU
		{2AD1F974-B7CF-4968-8985-636CC4930EE5}.Release|Any CPU.Build.0 = Release|Any CPU
		{945DFBDE-F856-436C-8F11-FFC3AFB6694E}.Debug|Any CPU.ActiveCfg = Debug|Any CPU
		{945DFBDE-F856-436C-8F11-FFC3AFB6694E}.Debug|Any CPU.Build.0 = Debug|Any CPU
		{945DFBDE-F856-436C-8F11-FFC3AFB6694E}.Release|Any CPU.ActiveCfg = Release|Any CPU
		{945DFBDE-F856-436C-8F11-FFC3AFB6694E}.Release|Any CPU.Build.0 = Release|Any CPU
		{F8ABDF63-95B1-4BD9-82FC-5BFC8151D67B}.Debug|Any CPU.ActiveCfg = Debug|Any CPU
		{F8ABDF63-95B1-4BD9-82FC-5BFC8151D67B}.Debug|Any CPU.Build.0 = Debug|Any CPU
		{F8ABDF63-95B1-4BD9-82FC-5BFC8151D67B}.Release|Any CPU.ActiveCfg = Release|Any CPU
		{F8ABDF63-95B1-4BD9-82FC-5BFC8151D67B}.Release|Any CPU.Build.0 = Release|Any CPU
		{CD848044-C73C-4AED-B8E3-00A42A0A2409}.Debug|Any CPU.ActiveCfg = Debug|Any CPU
		{CD848044-C73C-4AED-B8E3-00A42A0A2409}.Debug|Any CPU.Build.0 = Debug|Any CPU
		{CD848044-C73C-4AED-B8E3-00A42A0A2409}.Release|Any CPU.ActiveCfg = Release|Any CPU
		{CD848044-C73C-4AED-B8E3-00A42A0A2409}.Release|Any CPU.Build.0 = Release|Any CPU
		{CADA1C6D-3045-430E-B10A-688820A900A9}.Debug|Any CPU.ActiveCfg = Debug|Any CPU
		{CADA1C6D-3045-430E-B10A-688820A900A9}.Debug|Any CPU.Build.0 = Debug|Any CPU
		{CADA1C6D-3045-430E-B10A-688820A900A9}.Release|Any CPU.ActiveCfg = Release|Any CPU
		{CADA1C6D-3045-430E-B10A-688820A900A9}.Release|Any CPU.Build.0 = Release|Any CPU
		{26BA052F-0DB1-4D17-B7B3-83C14547F32B}.Debug|Any CPU.ActiveCfg = Debug|Any CPU
		{26BA052F-0DB1-4D17-B7B3-83C14547F32B}.Debug|Any CPU.Build.0 = Debug|Any CPU
		{26BA052F-0DB1-4D17-B7B3-83C14547F32B}.Release|Any CPU.ActiveCfg = Release|Any CPU
		{26BA052F-0DB1-4D17-B7B3-83C14547F32B}.Release|Any CPU.Build.0 = Release|Any CPU
		{99B9C231-C7C7-4744-86C8-406047FFFBF3}.Debug|Any CPU.ActiveCfg = Debug|Any CPU
		{99B9C231-C7C7-4744-86C8-406047FFFBF3}.Debug|Any CPU.Build.0 = Debug|Any CPU
		{99B9C231-C7C7-4744-86C8-406047FFFBF3}.Release|Any CPU.ActiveCfg = Release|Any CPU
		{99B9C231-C7C7-4744-86C8-406047FFFBF3}.Release|Any CPU.Build.0 = Release|Any CPU
		{84C1035D-F694-4CB0-B0F6-81725ADBC405}.Debug|Any CPU.ActiveCfg = Debug|Any CPU
		{84C1035D-F694-4CB0-B0F6-81725ADBC405}.Debug|Any CPU.Build.0 = Debug|Any CPU
		{84C1035D-F694-4CB0-B0F6-81725ADBC405}.Release|Any CPU.ActiveCfg = Release|Any CPU
		{84C1035D-F694-4CB0-B0F6-81725ADBC405}.Release|Any CPU.Build.0 = Release|Any CPU
		{00C5DD60-8529-42D3-9A90-169D563D61B5}.Debug|Any CPU.ActiveCfg = Debug|Any CPU
		{00C5DD60-8529-42D3-9A90-169D563D61B5}.Debug|Any CPU.Build.0 = Debug|Any CPU
		{00C5DD60-8529-42D3-9A90-169D563D61B5}.Release|Any CPU.ActiveCfg = Release|Any CPU
		{00C5DD60-8529-42D3-9A90-169D563D61B5}.Release|Any CPU.Build.0 = Release|Any CPU
		{56C20A15-839F-462B-B529-5D7BBFFD6B67}.Debug|Any CPU.ActiveCfg = Debug|Any CPU
		{56C20A15-839F-462B-B529-5D7BBFFD6B67}.Debug|Any CPU.Build.0 = Debug|Any CPU
		{56C20A15-839F-462B-B529-5D7BBFFD6B67}.Release|Any CPU.ActiveCfg = Release|Any CPU
		{56C20A15-839F-462B-B529-5D7BBFFD6B67}.Release|Any CPU.Build.0 = Release|Any CPU
		{0ED2AB83-8DEA-4EBF-8BD2-3C4160096630}.Debug|Any CPU.ActiveCfg = Debug|Any CPU
		{0ED2AB83-8DEA-4EBF-8BD2-3C4160096630}.Debug|Any CPU.Build.0 = Debug|Any CPU
		{0ED2AB83-8DEA-4EBF-8BD2-3C4160096630}.Release|Any CPU.ActiveCfg = Release|Any CPU
		{0ED2AB83-8DEA-4EBF-8BD2-3C4160096630}.Release|Any CPU.Build.0 = Release|Any CPU
		{FFBB9422-290E-46AF-B5E0-F5E3BF522204}.Debug|Any CPU.ActiveCfg = Debug|Any CPU
		{FFBB9422-290E-46AF-B5E0-F5E3BF522204}.Debug|Any CPU.Build.0 = Debug|Any CPU
		{FFBB9422-290E-46AF-B5E0-F5E3BF522204}.Release|Any CPU.ActiveCfg = Release|Any CPU
		{FFBB9422-290E-46AF-B5E0-F5E3BF522204}.Release|Any CPU.Build.0 = Release|Any CPU
		{5B6A7BF4-CF8F-4F07-8E69-354EE502F6DC}.Debug|Any CPU.ActiveCfg = Debug|Any CPU
		{5B6A7BF4-CF8F-4F07-8E69-354EE502F6DC}.Debug|Any CPU.Build.0 = Debug|Any CPU
		{5B6A7BF4-CF8F-4F07-8E69-354EE502F6DC}.Release|Any CPU.ActiveCfg = Release|Any CPU
		{5B6A7BF4-CF8F-4F07-8E69-354EE502F6DC}.Release|Any CPU.Build.0 = Release|Any CPU
		{1617C60C-3D17-4157-A01A-EDDA397B15E8}.Debug|Any CPU.ActiveCfg = Debug|Any CPU
		{1617C60C-3D17-4157-A01A-EDDA397B15E8}.Debug|Any CPU.Build.0 = Debug|Any CPU
		{1617C60C-3D17-4157-A01A-EDDA397B15E8}.Release|Any CPU.ActiveCfg = Release|Any CPU
		{1617C60C-3D17-4157-A01A-EDDA397B15E8}.Release|Any CPU.Build.0 = Release|Any CPU
		{5D6CBEB3-3DD9-436B-9555-72A451BD494C}.Debug|Any CPU.ActiveCfg = Debug|Any CPU
		{5D6CBEB3-3DD9-436B-9555-72A451BD494C}.Debug|Any CPU.Build.0 = Debug|Any CPU
		{5D6CBEB3-3DD9-436B-9555-72A451BD494C}.Release|Any CPU.ActiveCfg = Release|Any CPU
		{5D6CBEB3-3DD9-436B-9555-72A451BD494C}.Release|Any CPU.Build.0 = Release|Any CPU
		{ED28B075-5415-4A3D-9FAF-8C6984D3FBED}.Debug|Any CPU.ActiveCfg = Debug|Any CPU
		{ED28B075-5415-4A3D-9FAF-8C6984D3FBED}.Debug|Any CPU.Build.0 = Debug|Any CPU
		{ED28B075-5415-4A3D-9FAF-8C6984D3FBED}.Release|Any CPU.ActiveCfg = Release|Any CPU
		{ED28B075-5415-4A3D-9FAF-8C6984D3FBED}.Release|Any CPU.Build.0 = Release|Any CPU
		{0E3D9F6C-2382-487C-A0F1-F8D413DCF7AC}.Debug|Any CPU.ActiveCfg = Debug|Any CPU
		{0E3D9F6C-2382-487C-A0F1-F8D413DCF7AC}.Debug|Any CPU.Build.0 = Debug|Any CPU
		{0E3D9F6C-2382-487C-A0F1-F8D413DCF7AC}.Release|Any CPU.ActiveCfg = Release|Any CPU
		{0E3D9F6C-2382-487C-A0F1-F8D413DCF7AC}.Release|Any CPU.Build.0 = Release|Any CPU
		{D4C3460A-4BA2-4315-923C-379D59F19C9E}.Debug|Any CPU.ActiveCfg = Debug|Any CPU
		{D4C3460A-4BA2-4315-923C-379D59F19C9E}.Debug|Any CPU.Build.0 = Debug|Any CPU
		{D4C3460A-4BA2-4315-923C-379D59F19C9E}.Release|Any CPU.ActiveCfg = Release|Any CPU
		{D4C3460A-4BA2-4315-923C-379D59F19C9E}.Release|Any CPU.Build.0 = Release|Any CPU
		{23ED6DDF-1A98-4A5F-83BB-A2CF34D3E3A1}.Debug|Any CPU.ActiveCfg = Debug|Any CPU
		{23ED6DDF-1A98-4A5F-83BB-A2CF34D3E3A1}.Debug|Any CPU.Build.0 = Debug|Any CPU
		{23ED6DDF-1A98-4A5F-83BB-A2CF34D3E3A1}.Release|Any CPU.ActiveCfg = Release|Any CPU
		{23ED6DDF-1A98-4A5F-83BB-A2CF34D3E3A1}.Release|Any CPU.Build.0 = Release|Any CPU
		{48928A3F-E5A4-4BF0-A258-2787515F1C2A}.Debug|Any CPU.ActiveCfg = Debug|Any CPU
		{48928A3F-E5A4-4BF0-A258-2787515F1C2A}.Debug|Any CPU.Build.0 = Debug|Any CPU
		{48928A3F-E5A4-4BF0-A258-2787515F1C2A}.Release|Any CPU.ActiveCfg = Release|Any CPU
		{48928A3F-E5A4-4BF0-A258-2787515F1C2A}.Release|Any CPU.Build.0 = Release|Any CPU
		{6A47C428-D898-46F0-8B8C-3784A17EF853}.Debug|Any CPU.ActiveCfg = Debug|Any CPU
		{6A47C428-D898-46F0-8B8C-3784A17EF853}.Debug|Any CPU.Build.0 = Debug|Any CPU
		{6A47C428-D898-46F0-8B8C-3784A17EF853}.Release|Any CPU.ActiveCfg = Release|Any CPU
		{6A47C428-D898-46F0-8B8C-3784A17EF853}.Release|Any CPU.Build.0 = Release|Any CPU
		{3BCF25D1-336D-458F-9043-8D3677C6250D}.Debug|Any CPU.ActiveCfg = Debug|Any CPU
		{3BCF25D1-336D-458F-9043-8D3677C6250D}.Debug|Any CPU.Build.0 = Debug|Any CPU
		{3BCF25D1-336D-458F-9043-8D3677C6250D}.Release|Any CPU.ActiveCfg = Release|Any CPU
		{3BCF25D1-336D-458F-9043-8D3677C6250D}.Release|Any CPU.Build.0 = Release|Any CPU
		{31342356-4E13-4302-8A6D-618A27B68EBC}.Debug|Any CPU.ActiveCfg = Debug|Any CPU
		{31342356-4E13-4302-8A6D-618A27B68EBC}.Debug|Any CPU.Build.0 = Debug|Any CPU
		{31342356-4E13-4302-8A6D-618A27B68EBC}.Release|Any CPU.ActiveCfg = Release|Any CPU
		{31342356-4E13-4302-8A6D-618A27B68EBC}.Release|Any CPU.Build.0 = Release|Any CPU
		{9CB2C610-9A31-4336-8959-159213A56B00}.Debug|Any CPU.ActiveCfg = Debug|Any CPU
		{9CB2C610-9A31-4336-8959-159213A56B00}.Debug|Any CPU.Build.0 = Debug|Any CPU
		{9CB2C610-9A31-4336-8959-159213A56B00}.Release|Any CPU.ActiveCfg = Release|Any CPU
		{9CB2C610-9A31-4336-8959-159213A56B00}.Release|Any CPU.Build.0 = Release|Any CPU
		{F225AACA-E81D-4E9D-BB18-995F8BC10105}.Debug|Any CPU.ActiveCfg = Debug|Any CPU
		{F225AACA-E81D-4E9D-BB18-995F8BC10105}.Debug|Any CPU.Build.0 = Debug|Any CPU
		{F225AACA-E81D-4E9D-BB18-995F8BC10105}.Release|Any CPU.ActiveCfg = Release|Any CPU
		{F225AACA-E81D-4E9D-BB18-995F8BC10105}.Release|Any CPU.Build.0 = Release|Any CPU
		{8A2CD594-9043-4538-87DE-57DCB4A61584}.Debug|Any CPU.ActiveCfg = Debug|Any CPU
		{8A2CD594-9043-4538-87DE-57DCB4A61584}.Debug|Any CPU.Build.0 = Debug|Any CPU
		{8A2CD594-9043-4538-87DE-57DCB4A61584}.Release|Any CPU.ActiveCfg = Release|Any CPU
		{8A2CD594-9043-4538-87DE-57DCB4A61584}.Release|Any CPU.Build.0 = Release|Any CPU
		{AFA5A36E-6B71-4A39-9578-E6D94C601A87}.Debug|Any CPU.ActiveCfg = Debug|Any CPU
		{AFA5A36E-6B71-4A39-9578-E6D94C601A87}.Debug|Any CPU.Build.0 = Debug|Any CPU
		{AFA5A36E-6B71-4A39-9578-E6D94C601A87}.Release|Any CPU.ActiveCfg = Release|Any CPU
		{AFA5A36E-6B71-4A39-9578-E6D94C601A87}.Release|Any CPU.Build.0 = Release|Any CPU
		{8BA9D1DE-B942-448E-91C9-9992128F8931}.Debug|Any CPU.ActiveCfg = Debug|Any CPU
		{8BA9D1DE-B942-448E-91C9-9992128F8931}.Debug|Any CPU.Build.0 = Debug|Any CPU
		{8BA9D1DE-B942-448E-91C9-9992128F8931}.Release|Any CPU.ActiveCfg = Release|Any CPU
		{8BA9D1DE-B942-448E-91C9-9992128F8931}.Release|Any CPU.Build.0 = Release|Any CPU
		{CA1CCE97-0742-4834-8236-9CD0A8251E7E}.Debug|Any CPU.ActiveCfg = Debug|Any CPU
		{CA1CCE97-0742-4834-8236-9CD0A8251E7E}.Debug|Any CPU.Build.0 = Debug|Any CPU
		{CA1CCE97-0742-4834-8236-9CD0A8251E7E}.Release|Any CPU.ActiveCfg = Release|Any CPU
		{CA1CCE97-0742-4834-8236-9CD0A8251E7E}.Release|Any CPU.Build.0 = Release|Any CPU
		{DE80B2A5-C183-4C19-8D45-1AD591525A02}.Debug|Any CPU.ActiveCfg = Debug|Any CPU
		{DE80B2A5-C183-4C19-8D45-1AD591525A02}.Debug|Any CPU.Build.0 = Debug|Any CPU
		{DE80B2A5-C183-4C19-8D45-1AD591525A02}.Release|Any CPU.ActiveCfg = Release|Any CPU
		{DE80B2A5-C183-4C19-8D45-1AD591525A02}.Release|Any CPU.Build.0 = Release|Any CPU
		{B5CB00F6-3A2A-41FD-A22A-865659670AD9}.Debug|Any CPU.ActiveCfg = Debug|Any CPU
		{B5CB00F6-3A2A-41FD-A22A-865659670AD9}.Debug|Any CPU.Build.0 = Debug|Any CPU
		{B5CB00F6-3A2A-41FD-A22A-865659670AD9}.Release|Any CPU.ActiveCfg = Release|Any CPU
		{B5CB00F6-3A2A-41FD-A22A-865659670AD9}.Release|Any CPU.Build.0 = Release|Any CPU
		{41FE4471-BCC4-4032-89A3-E733F2BEDAB3}.Debug|Any CPU.ActiveCfg = Debug|Any CPU
		{41FE4471-BCC4-4032-89A3-E733F2BEDAB3}.Debug|Any CPU.Build.0 = Debug|Any CPU
		{41FE4471-BCC4-4032-89A3-E733F2BEDAB3}.Release|Any CPU.ActiveCfg = Release|Any CPU
		{41FE4471-BCC4-4032-89A3-E733F2BEDAB3}.Release|Any CPU.Build.0 = Release|Any CPU
		{AB9692F5-D7B4-436A-93EB-E5DCB711B32E}.Debug|Any CPU.ActiveCfg = Debug|Any CPU
		{AB9692F5-D7B4-436A-93EB-E5DCB711B32E}.Debug|Any CPU.Build.0 = Debug|Any CPU
		{AB9692F5-D7B4-436A-93EB-E5DCB711B32E}.Release|Any CPU.ActiveCfg = Release|Any CPU
		{AB9692F5-D7B4-436A-93EB-E5DCB711B32E}.Release|Any CPU.Build.0 = Release|Any CPU
		{2CD64919-B41B-41EC-9CA6-4E88E2FC046A}.Debug|Any CPU.ActiveCfg = Debug|Any CPU
		{2CD64919-B41B-41EC-9CA6-4E88E2FC046A}.Debug|Any CPU.Build.0 = Debug|Any CPU
		{2CD64919-B41B-41EC-9CA6-4E88E2FC046A}.Release|Any CPU.ActiveCfg = Release|Any CPU
		{2CD64919-B41B-41EC-9CA6-4E88E2FC046A}.Release|Any CPU.Build.0 = Release|Any CPU
		{B6124F27-68AD-4996-BFCC-93DC4BC538F3}.Debug|Any CPU.ActiveCfg = Debug|Any CPU
		{B6124F27-68AD-4996-BFCC-93DC4BC538F3}.Debug|Any CPU.Build.0 = Debug|Any CPU
		{B6124F27-68AD-4996-BFCC-93DC4BC538F3}.Release|Any CPU.ActiveCfg = Release|Any CPU
		{B6124F27-68AD-4996-BFCC-93DC4BC538F3}.Release|Any CPU.Build.0 = Release|Any CPU
		{725718FB-382A-46E8-919F-CE509746DA87}.Debug|Any CPU.ActiveCfg = Debug|Any CPU
		{725718FB-382A-46E8-919F-CE509746DA87}.Debug|Any CPU.Build.0 = Debug|Any CPU
		{725718FB-382A-46E8-919F-CE509746DA87}.Release|Any CPU.ActiveCfg = Release|Any CPU
		{725718FB-382A-46E8-919F-CE509746DA87}.Release|Any CPU.Build.0 = Release|Any CPU
		{7E6C8E15-EAEC-4A37-9166-41BAB89D48AC}.Debug|Any CPU.ActiveCfg = Debug|Any CPU
		{7E6C8E15-EAEC-4A37-9166-41BAB89D48AC}.Debug|Any CPU.Build.0 = Debug|Any CPU
		{7E6C8E15-EAEC-4A37-9166-41BAB89D48AC}.Release|Any CPU.ActiveCfg = Release|Any CPU
		{7E6C8E15-EAEC-4A37-9166-41BAB89D48AC}.Release|Any CPU.Build.0 = Release|Any CPU
		{ED2F4A31-FBBB-49E1-B532-432448BA4A58}.Debug|Any CPU.ActiveCfg = Debug|Any CPU
		{ED2F4A31-FBBB-49E1-B532-432448BA4A58}.Debug|Any CPU.Build.0 = Debug|Any CPU
		{ED2F4A31-FBBB-49E1-B532-432448BA4A58}.Release|Any CPU.ActiveCfg = Release|Any CPU
		{ED2F4A31-FBBB-49E1-B532-432448BA4A58}.Release|Any CPU.Build.0 = Release|Any CPU
		{1E289EBA-63C0-4247-A090-512CAB250E84}.Debug|Any CPU.ActiveCfg = Debug|Any CPU
		{1E289EBA-63C0-4247-A090-512CAB250E84}.Debug|Any CPU.Build.0 = Debug|Any CPU
		{1E289EBA-63C0-4247-A090-512CAB250E84}.Release|Any CPU.ActiveCfg = Release|Any CPU
		{1E289EBA-63C0-4247-A090-512CAB250E84}.Release|Any CPU.Build.0 = Release|Any CPU
		{5750DB79-C3CE-48AA-A2A8-411C7E10F379}.Debug|Any CPU.ActiveCfg = Debug|Any CPU
		{5750DB79-C3CE-48AA-A2A8-411C7E10F379}.Debug|Any CPU.Build.0 = Debug|Any CPU
		{5750DB79-C3CE-48AA-A2A8-411C7E10F379}.Release|Any CPU.ActiveCfg = Release|Any CPU
		{5750DB79-C3CE-48AA-A2A8-411C7E10F379}.Release|Any CPU.Build.0 = Release|Any CPU
		{59088F5C-7460-4712-98D7-3B9CF2728818}.Debug|Any CPU.ActiveCfg = Debug|Any CPU
		{59088F5C-7460-4712-98D7-3B9CF2728818}.Debug|Any CPU.Build.0 = Debug|Any CPU
		{59088F5C-7460-4712-98D7-3B9CF2728818}.Release|Any CPU.ActiveCfg = Release|Any CPU
		{59088F5C-7460-4712-98D7-3B9CF2728818}.Release|Any CPU.Build.0 = Release|Any CPU
		{3A4A9C8F-A9ED-4E0C-BCD1-836A4ECAABA9}.Debug|Any CPU.ActiveCfg = Debug|Any CPU
		{3A4A9C8F-A9ED-4E0C-BCD1-836A4ECAABA9}.Debug|Any CPU.Build.0 = Debug|Any CPU
		{3A4A9C8F-A9ED-4E0C-BCD1-836A4ECAABA9}.Release|Any CPU.ActiveCfg = Release|Any CPU
		{3A4A9C8F-A9ED-4E0C-BCD1-836A4ECAABA9}.Release|Any CPU.Build.0 = Release|Any CPU
		{774CB35E-7D2A-4DE6-A966-4C441840964A}.Debug|Any CPU.ActiveCfg = Debug|Any CPU
		{774CB35E-7D2A-4DE6-A966-4C441840964A}.Debug|Any CPU.Build.0 = Debug|Any CPU
		{774CB35E-7D2A-4DE6-A966-4C441840964A}.Release|Any CPU.ActiveCfg = Release|Any CPU
		{774CB35E-7D2A-4DE6-A966-4C441840964A}.Release|Any CPU.Build.0 = Release|Any CPU
		{47FB42FD-50EC-4DE3-9C99-B2C0D4764DFB}.Debug|Any CPU.ActiveCfg = Debug|Any CPU
		{47FB42FD-50EC-4DE3-9C99-B2C0D4764DFB}.Debug|Any CPU.Build.0 = Debug|Any CPU
		{47FB42FD-50EC-4DE3-9C99-B2C0D4764DFB}.Release|Any CPU.ActiveCfg = Release|Any CPU
		{47FB42FD-50EC-4DE3-9C99-B2C0D4764DFB}.Release|Any CPU.Build.0 = Release|Any CPU
		{2416D8AD-9F6B-4867-91D3-60C5566F6F0C}.Debug|Any CPU.ActiveCfg = Debug|Any CPU
		{2416D8AD-9F6B-4867-91D3-60C5566F6F0C}.Debug|Any CPU.Build.0 = Debug|Any CPU
		{2416D8AD-9F6B-4867-91D3-60C5566F6F0C}.Release|Any CPU.ActiveCfg = Release|Any CPU
		{2416D8AD-9F6B-4867-91D3-60C5566F6F0C}.Release|Any CPU.Build.0 = Release|Any CPU
		{AEA1AE9B-61A0-448D-8E51-8BAB88E25CCC}.Debug|Any CPU.ActiveCfg = Debug|Any CPU
		{AEA1AE9B-61A0-448D-8E51-8BAB88E25CCC}.Debug|Any CPU.Build.0 = Debug|Any CPU
		{AEA1AE9B-61A0-448D-8E51-8BAB88E25CCC}.Release|Any CPU.ActiveCfg = Release|Any CPU
		{AEA1AE9B-61A0-448D-8E51-8BAB88E25CCC}.Release|Any CPU.Build.0 = Release|Any CPU
	EndGlobalSection
	GlobalSection(SolutionProperties) = preSolution
		HideSolutionNode = FALSE
	EndGlobalSection
	GlobalSection(NestedProjects) = preSolution
		{960C5FE0-6194-4DD3-850D-02B35B0565CE} = {F311FB63-FCC4-4396-B45E-35B2C8C5FC26}
		{3FA47153-00DE-4F67-A962-08C334DA98C6} = {F311FB63-FCC4-4396-B45E-35B2C8C5FC26}
		{CEE44733-211C-4D24-8263-C723D4C742C8} = {F311FB63-FCC4-4396-B45E-35B2C8C5FC26}
		{6BCB9735-2FF3-41FA-9D1C-79640E2F49D7} = {F311FB63-FCC4-4396-B45E-35B2C8C5FC26}
		{EBDBBBC9-5C37-4EFF-8072-4A5ACC07B80D} = {F311FB63-FCC4-4396-B45E-35B2C8C5FC26}
		{67AB6276-243E-48C5-9822-41FD9E6D6AAB} = {F311FB63-FCC4-4396-B45E-35B2C8C5FC26}
		{FA353AFC-5327-4EA4-AD8E-4DED67F2FC7B} = {F311FB63-FCC4-4396-B45E-35B2C8C5FC26}
		{09C657C2-E06A-499E-AABB-8957D7ED9710} = {F311FB63-FCC4-4396-B45E-35B2C8C5FC26}
		{E7F217AB-FF68-49EF-9ACE-EE38818F5E52} = {F311FB63-FCC4-4396-B45E-35B2C8C5FC26}
		{1A45D749-7136-419A-AC32-154F56E2B8B9} = {F311FB63-FCC4-4396-B45E-35B2C8C5FC26}
		{CD30AEEE-7ECF-43F9-B72F-881887891235} = {F311FB63-FCC4-4396-B45E-35B2C8C5FC26}
		{3E04D99E-61EE-40CA-89A6-A0BC8B1F29F9} = {F311FB63-FCC4-4396-B45E-35B2C8C5FC26}
		{6C2538E2-A6FE-45DC-9EE0-F39FE60A9C26} = {F311FB63-FCC4-4396-B45E-35B2C8C5FC26}
		{4452F84C-FAF1-4EA7-A736-B6D7AE91B24E} = {F311FB63-FCC4-4396-B45E-35B2C8C5FC26}
		{22B9B7F7-2817-4EED-A206-7BE48EAA76BA} = {F311FB63-FCC4-4396-B45E-35B2C8C5FC26}
		{670921A2-665E-40F6-AD91-BCB774F76D1C} = {F311FB63-FCC4-4396-B45E-35B2C8C5FC26}
		{7425FAE2-F631-421B-93BE-BEBDE5089CA3} = {F311FB63-FCC4-4396-B45E-35B2C8C5FC26}
		{94CEED7D-8BD3-49CD-A29B-36CBAD3A0174} = {F311FB63-FCC4-4396-B45E-35B2C8C5FC26}
		{45F5B9FE-FB8E-4FC3-81F3-378535E1A72C} = {F311FB63-FCC4-4396-B45E-35B2C8C5FC26}
		{40EE54E7-723C-442A-B13F-0AD4B38E9581} = {F311FB63-FCC4-4396-B45E-35B2C8C5FC26}
		{BA87A880-280C-47AA-9159-4FD5CB137EF1} = {F311FB63-FCC4-4396-B45E-35B2C8C5FC26}
		{53062657-6F5A-4A7C-AB8F-C4E5CF594778} = {F311FB63-FCC4-4396-B45E-35B2C8C5FC26}
		{702B3BB4-890B-43DD-93A0-090ED1E3EA0D} = {F311FB63-FCC4-4396-B45E-35B2C8C5FC26}
		{DE39FDCF-71C0-48D2-9560-3CB1BFA6DEC9} = {F311FB63-FCC4-4396-B45E-35B2C8C5FC26}
		{86E01881-8CCE-480D-9263-56FBEDF71678} = {F311FB63-FCC4-4396-B45E-35B2C8C5FC26}
		{2C31D1BA-A076-48EE-B3BA-3FBE8D471EAA} = {F311FB63-FCC4-4396-B45E-35B2C8C5FC26}
		{07F8B614-076C-4497-BD9F-04037EB92C04} = {F311FB63-FCC4-4396-B45E-35B2C8C5FC26}
		{823BCC6D-62C0-44CB-B36A-09A6ED067253} = {F311FB63-FCC4-4396-B45E-35B2C8C5FC26}
		{2ADEF9CA-FF3F-441E-8CA8-E9FE4DB6364C} = {F311FB63-FCC4-4396-B45E-35B2C8C5FC26}
		{EB52EABB-14F8-4A6A-9D8F-94F0CF910665} = {F311FB63-FCC4-4396-B45E-35B2C8C5FC26}
		{5B75E616-C19A-4A76-8FF3-C8FB7098BF5F} = {F311FB63-FCC4-4396-B45E-35B2C8C5FC26}
		{E3E7A668-450B-4F3F-88C3-F143BCCD0B0E} = {F311FB63-FCC4-4396-B45E-35B2C8C5FC26}
		{5AFFEBF0-D4D8-425E-AD98-92F73165BAF2} = {F311FB63-FCC4-4396-B45E-35B2C8C5FC26}
		{D574837F-0966-469C-8D93-D254F237E1FC} = {F311FB63-FCC4-4396-B45E-35B2C8C5FC26}
		{897102A9-B007-4F4B-BECF-CF1DF964AFE2} = {F311FB63-FCC4-4396-B45E-35B2C8C5FC26}
		{686834F4-2D84-40ED-AEC0-C8DDAE6ECA33} = {F311FB63-FCC4-4396-B45E-35B2C8C5FC26}
		{253CCBC9-434A-4056-B7E1-1E506D1BB53D} = {F311FB63-FCC4-4396-B45E-35B2C8C5FC26}
		{BE3C38F7-4A25-4797-A350-A6BC8C23929D} = {F311FB63-FCC4-4396-B45E-35B2C8C5FC26}
		{A72359CC-7834-4949-9B96-EAF7F6DA7516} = {74F07739-E035-4814-9B9A-F41ACEEAE39C}
		{63557BC7-410E-466D-BC26-0F45A6567124} = {74F07739-E035-4814-9B9A-F41ACEEAE39C}
		{14ECF83B-795C-498A-9B29-6237042BA719} = {F311FB63-FCC4-4396-B45E-35B2C8C5FC26}
		{6E01C1B1-4453-436F-8818-F95ACB5B9C07} = {F311FB63-FCC4-4396-B45E-35B2C8C5FC26}
		{59D9DA04-3C58-4965-8E66-9EC686030CDA} = {F311FB63-FCC4-4396-B45E-35B2C8C5FC26}
		{D6258AB8-DD7F-442D-B735-14C61004CB29} = {F311FB63-FCC4-4396-B45E-35B2C8C5FC26}
		{8519F4AF-12C8-4C16-BEDB-08CFCE87CC92} = {F311FB63-FCC4-4396-B45E-35B2C8C5FC26}
		{34599DC6-F320-4B5D-BD23-EF8BCA685744} = {F311FB63-FCC4-4396-B45E-35B2C8C5FC26}
		{1DBC66BF-8FF2-4473-B56D-2376D11FABF5} = {F311FB63-FCC4-4396-B45E-35B2C8C5FC26}
		{C2C6AAA8-F260-4268-AC81-323A42276BBF} = {F311FB63-FCC4-4396-B45E-35B2C8C5FC26}
		{D380F4D3-D3FB-4CDD-A3E3-27CD29459AC5} = {F311FB63-FCC4-4396-B45E-35B2C8C5FC26}
		{49B8B66C-F6B5-49C3-924A-E63AC9681B2F} = {F311FB63-FCC4-4396-B45E-35B2C8C5FC26}
		{C71EA674-6CA2-4328-A469-1554811B4CAF} = {F311FB63-FCC4-4396-B45E-35B2C8C5FC26}
		{9504FC88-E183-4B8D-BF87-C6723E63A270} = {F311FB63-FCC4-4396-B45E-35B2C8C5FC26}
		{03E025AD-334F-4341-A4A1-E10197486B88} = {F311FB63-FCC4-4396-B45E-35B2C8C5FC26}
		{297769CC-51F8-40E8-888F-721EA369150D} = {F311FB63-FCC4-4396-B45E-35B2C8C5FC26}
		{50670EAE-C169-41D3-8D7C-FF39F3152926} = {F311FB63-FCC4-4396-B45E-35B2C8C5FC26}
		{98B6367B-7397-4248-9A86-6661305B0C1A} = {F311FB63-FCC4-4396-B45E-35B2C8C5FC26}
		{55392DD9-D1BD-4293-A641-C86975EDC6C1} = {F311FB63-FCC4-4396-B45E-35B2C8C5FC26}
		{6872AFEF-4E4D-4ACB-B0C7-32142C07BB76} = {F311FB63-FCC4-4396-B45E-35B2C8C5FC26}
		{40EFC225-846C-4913-8ECE-4F4FCD3A6921} = {F311FB63-FCC4-4396-B45E-35B2C8C5FC26}
		{E0A2F255-F008-41B1-92FF-A192F2647B12} = {F311FB63-FCC4-4396-B45E-35B2C8C5FC26}
		{389BF561-849D-48E5-AF0F-70C40946FB6D} = {F311FB63-FCC4-4396-B45E-35B2C8C5FC26}
		{676E6074-DA95-42B6-AE25-FA899A909584} = {F311FB63-FCC4-4396-B45E-35B2C8C5FC26}
		{4AB4318F-6E7E-451F-A91A-2FB7BC9CD2D4} = {F311FB63-FCC4-4396-B45E-35B2C8C5FC26}
		{DC666DB9-9A53-49AF-86F0-E819EE6FA7C6} = {F311FB63-FCC4-4396-B45E-35B2C8C5FC26}
		{E1CA893D-6585-4243-8A46-FFE2F51685A7} = {F311FB63-FCC4-4396-B45E-35B2C8C5FC26}
		{2EA659A5-664D-40AC-91BB-2257BC385250} = {F311FB63-FCC4-4396-B45E-35B2C8C5FC26}
		{9A861B32-16F0-4626-8491-B550265928A6} = {F311FB63-FCC4-4396-B45E-35B2C8C5FC26}
		{2E90EEC0-7FCC-40DF-A5EB-204D3E881F7F} = {F311FB63-FCC4-4396-B45E-35B2C8C5FC26}
		{31448B42-C37D-4DE5-8AD2-CCC5E144CB0B} = {F311FB63-FCC4-4396-B45E-35B2C8C5FC26}
		{8C85577D-2820-43EF-848D-7354020AE4B2} = {F311FB63-FCC4-4396-B45E-35B2C8C5FC26}
		{7AFC7BA5-10C4-4986-8DD1-66CD8F87D476} = {F311FB63-FCC4-4396-B45E-35B2C8C5FC26}
		{5DB94F0B-CBDC-4C3F-9D80-2F15E477C446} = {F311FB63-FCC4-4396-B45E-35B2C8C5FC26}
		{F04E3395-F9E1-4FD4-8B88-EDDA39A2D5D6} = {F311FB63-FCC4-4396-B45E-35B2C8C5FC26}
		{33395002-D667-46EC-812A-9E661DA2D784} = {F311FB63-FCC4-4396-B45E-35B2C8C5FC26}
		{5085EC69-5456-4E05-AE60-8632B6952F51} = {F311FB63-FCC4-4396-B45E-35B2C8C5FC26}
		{4799063D-B5E2-40BE-AEEC-BF4A02DEF184} = {F311FB63-FCC4-4396-B45E-35B2C8C5FC26}
		{3B7CF7FB-F52C-468F-AC5D-FCBB7EB7828D} = {F311FB63-FCC4-4396-B45E-35B2C8C5FC26}
		{543C3BFB-A5C9-452D-9C90-DAE6FFBE5AFB} = {F311FB63-FCC4-4396-B45E-35B2C8C5FC26}
		{48CE25D0-1D26-408D-AC76-FD6AE17B2CC0} = {F311FB63-FCC4-4396-B45E-35B2C8C5FC26}
		{E24E6565-0195-45B9-97A7-4593CFC4D9D6} = {F311FB63-FCC4-4396-B45E-35B2C8C5FC26}
		{5206BAE7-4C26-49B3-A6DD-CFB9312B92AF} = {F311FB63-FCC4-4396-B45E-35B2C8C5FC26}
		{08B32456-DCC4-4D42-9990-4C21529C2B32} = {F311FB63-FCC4-4396-B45E-35B2C8C5FC26}
		{2AD1F974-B7CF-4968-8985-636CC4930EE5} = {F311FB63-FCC4-4396-B45E-35B2C8C5FC26}
		{945DFBDE-F856-436C-8F11-FFC3AFB6694E} = {F311FB63-FCC4-4396-B45E-35B2C8C5FC26}
		{F8ABDF63-95B1-4BD9-82FC-5BFC8151D67B} = {F311FB63-FCC4-4396-B45E-35B2C8C5FC26}
		{CD848044-C73C-4AED-B8E3-00A42A0A2409} = {F311FB63-FCC4-4396-B45E-35B2C8C5FC26}
		{CADA1C6D-3045-430E-B10A-688820A900A9} = {F311FB63-FCC4-4396-B45E-35B2C8C5FC26}
		{26BA052F-0DB1-4D17-B7B3-83C14547F32B} = {F311FB63-FCC4-4396-B45E-35B2C8C5FC26}
		{99B9C231-C7C7-4744-86C8-406047FFFBF3} = {F311FB63-FCC4-4396-B45E-35B2C8C5FC26}
		{84C1035D-F694-4CB0-B0F6-81725ADBC405} = {F311FB63-FCC4-4396-B45E-35B2C8C5FC26}
		{00C5DD60-8529-42D3-9A90-169D563D61B5} = {F311FB63-FCC4-4396-B45E-35B2C8C5FC26}
		{56C20A15-839F-462B-B529-5D7BBFFD6B67} = {F311FB63-FCC4-4396-B45E-35B2C8C5FC26}
		{0ED2AB83-8DEA-4EBF-8BD2-3C4160096630} = {F311FB63-FCC4-4396-B45E-35B2C8C5FC26}
		{FFBB9422-290E-46AF-B5E0-F5E3BF522204} = {F311FB63-FCC4-4396-B45E-35B2C8C5FC26}
		{5B6A7BF4-CF8F-4F07-8E69-354EE502F6DC} = {F311FB63-FCC4-4396-B45E-35B2C8C5FC26}
		{1617C60C-3D17-4157-A01A-EDDA397B15E8} = {F311FB63-FCC4-4396-B45E-35B2C8C5FC26}
		{5D6CBEB3-3DD9-436B-9555-72A451BD494C} = {F311FB63-FCC4-4396-B45E-35B2C8C5FC26}
		{ED28B075-5415-4A3D-9FAF-8C6984D3FBED} = {F311FB63-FCC4-4396-B45E-35B2C8C5FC26}
		{0E3D9F6C-2382-487C-A0F1-F8D413DCF7AC} = {F311FB63-FCC4-4396-B45E-35B2C8C5FC26}
		{D4C3460A-4BA2-4315-923C-379D59F19C9E} = {F311FB63-FCC4-4396-B45E-35B2C8C5FC26}
		{23ED6DDF-1A98-4A5F-83BB-A2CF34D3E3A1} = {F311FB63-FCC4-4396-B45E-35B2C8C5FC26}
		{48928A3F-E5A4-4BF0-A258-2787515F1C2A} = {F311FB63-FCC4-4396-B45E-35B2C8C5FC26}
		{6A47C428-D898-46F0-8B8C-3784A17EF853} = {F311FB63-FCC4-4396-B45E-35B2C8C5FC26}
		{3BCF25D1-336D-458F-9043-8D3677C6250D} = {F311FB63-FCC4-4396-B45E-35B2C8C5FC26}
		{31342356-4E13-4302-8A6D-618A27B68EBC} = {F311FB63-FCC4-4396-B45E-35B2C8C5FC26}
		{9CB2C610-9A31-4336-8959-159213A56B00} = {F311FB63-FCC4-4396-B45E-35B2C8C5FC26}
		{F225AACA-E81D-4E9D-BB18-995F8BC10105} = {F311FB63-FCC4-4396-B45E-35B2C8C5FC26}
		{8A2CD594-9043-4538-87DE-57DCB4A61584} = {F311FB63-FCC4-4396-B45E-35B2C8C5FC26}
		{AFA5A36E-6B71-4A39-9578-E6D94C601A87} = {F311FB63-FCC4-4396-B45E-35B2C8C5FC26}
		{8BA9D1DE-B942-448E-91C9-9992128F8931} = {F311FB63-FCC4-4396-B45E-35B2C8C5FC26}
		{CA1CCE97-0742-4834-8236-9CD0A8251E7E} = {F311FB63-FCC4-4396-B45E-35B2C8C5FC26}
		{DE80B2A5-C183-4C19-8D45-1AD591525A02} = {F311FB63-FCC4-4396-B45E-35B2C8C5FC26}
		{B5CB00F6-3A2A-41FD-A22A-865659670AD9} = {F311FB63-FCC4-4396-B45E-35B2C8C5FC26}
		{41FE4471-BCC4-4032-89A3-E733F2BEDAB3} = {F311FB63-FCC4-4396-B45E-35B2C8C5FC26}
		{AB9692F5-D7B4-436A-93EB-E5DCB711B32E} = {F311FB63-FCC4-4396-B45E-35B2C8C5FC26}
		{2CD64919-B41B-41EC-9CA6-4E88E2FC046A} = {A72359CC-7834-4949-9B96-EAF7F6DA7516}
		{B6124F27-68AD-4996-BFCC-93DC4BC538F3} = {A72359CC-7834-4949-9B96-EAF7F6DA7516}
		{725718FB-382A-46E8-919F-CE509746DA87} = {F311FB63-FCC4-4396-B45E-35B2C8C5FC26}
		{7E6C8E15-EAEC-4A37-9166-41BAB89D48AC} = {F311FB63-FCC4-4396-B45E-35B2C8C5FC26}
		{ED2F4A31-FBBB-49E1-B532-432448BA4A58} = {F311FB63-FCC4-4396-B45E-35B2C8C5FC26}
		{1E289EBA-63C0-4247-A090-512CAB250E84} = {F311FB63-FCC4-4396-B45E-35B2C8C5FC26}
		{5750DB79-C3CE-48AA-A2A8-411C7E10F379} = {F311FB63-FCC4-4396-B45E-35B2C8C5FC26}
		{59088F5C-7460-4712-98D7-3B9CF2728818} = {F311FB63-FCC4-4396-B45E-35B2C8C5FC26}
		{3A4A9C8F-A9ED-4E0C-BCD1-836A4ECAABA9} = {F311FB63-FCC4-4396-B45E-35B2C8C5FC26}
		{774CB35E-7D2A-4DE6-A966-4C441840964A} = {F311FB63-FCC4-4396-B45E-35B2C8C5FC26}
		{47FB42FD-50EC-4DE3-9C99-B2C0D4764DFB} = {F311FB63-FCC4-4396-B45E-35B2C8C5FC26}
		{2416D8AD-9F6B-4867-91D3-60C5566F6F0C} = {F311FB63-FCC4-4396-B45E-35B2C8C5FC26}
		{AEA1AE9B-61A0-448D-8E51-8BAB88E25CCC} = {F311FB63-FCC4-4396-B45E-35B2C8C5FC26}
	EndGlobalSection
	GlobalSection(ExtensibilityGlobals) = postSolution
		SolutionGuid = {44D9797E-8D49-4E95-98E8-31DAEC71DBE1}
	EndGlobalSection
EndGlobal
